[0m[1mdata.google_service_account_access_token.default: Reading...[0m[0m
[0m[1mdata.google_service_account_access_token.default: Read complete after 0s [id=projects/-/serviceAccounts/terraform@semantics-390012.iam.gserviceaccount.com][0m
[0m[1mgoogle_project_service.apis_to_activate["datacatalog"]: Refreshing state... [id=semantics-390012/datacatalog.googleapis.com][0m
[0m[1mgoogle_project_service.apis_to_activate["artifactregistry"]: Refreshing state... [id=semantics-390012/artifactregistry.googleapis.com][0m
[0m[1mgoogle_project_service.apis_to_activate["eventarc"]: Refreshing state... [id=semantics-390012/eventarc.googleapis.com][0m
[0m[1mgoogle_project_service.apis_to_activate["run"]: Refreshing state... [id=semantics-390012/run.googleapis.com][0m
[0m[1mgoogle_project_service.apis_to_activate["cloudfunctions"]: Refreshing state... [id=semantics-390012/cloudfunctions.googleapis.com][0m
[0m[1mgoogle_project_service.apis_to_activate["dataplex"]: Refreshing state... [id=semantics-390012/dataplex.googleapis.com][0m
[0m[1mgoogle_project_service.apis_to_activate["bigqueryconnection"]: Refreshing state... [id=semantics-390012/bigqueryconnection.googleapis.com][0m
[0m[1mgoogle_project_service.apis_to_activate["logging"]: Refreshing state... [id=semantics-390012/logging.googleapis.com][0m
[0m[1mgoogle_project_service.apis_to_activate["cloudresourcemanager"]: Refreshing state... [id=semantics-390012/cloudresourcemanager.googleapis.com][0m
[0m[1mgoogle_project_service.apis_to_activate["iam"]: Refreshing state... [id=semantics-390012/iam.googleapis.com][0m
[0m[1mgoogle_project_service.apis_to_activate["cloudbuild"]: Refreshing state... [id=semantics-390012/cloudbuild.googleapis.com][0m
[0m[1mgoogle_project_service.apis_to_activate["secretmanager"]: Refreshing state... [id=semantics-390012/secretmanager.googleapis.com][0m
[0m[1mgoogle_project_service.apis_to_activate["bigquery"]: Refreshing state... [id=semantics-390012/bigquery.googleapis.com][0m
[0m[1mgoogle_project_service.apis_to_activate["pubsub"]: Refreshing state... [id=semantics-390012/pubsub.googleapis.com][0m
[0m[1mtime_sleep.wait_api_activation: Refreshing state... [id=2023-06-30T07:29:21Z][0m
[0m[1mdata.google_project.project: Reading...[0m[0m
[0m[1mmodule.dataform.google_secret_manager_secret.secret: Refreshing state... [id=projects/semantics-390012/secrets/dataform_secret][0m
[0m[1mmodule.tagging.random_string.random: Refreshing state... [id=EusLb7k9qxsbYDLQ][0m
[0m[1mmodule.bi_service_account.google_service_account.service_account: Refreshing state... [id=projects/semantics-390012/serviceAccounts/bi-service-account@semantics-390012.iam.gserviceaccount.com][0m
[0m[1mmodule.tagging.module.cf_service_account.google_service_account.service_account: Refreshing state... [id=projects/semantics-390012/serviceAccounts/cf-service-account@semantics-390012.iam.gserviceaccount.com][0m
[0m[1mgoogle_storage_bucket.resources_bucket: Refreshing state... [id=semantics-390012-resources][0m
[0m[1mmodule.tagging.google_bigquery_connection.tagging: Refreshing state... [id=projects/semantics-390012/locations/europe-west3/connections/tagging][0m
[0m[1mmodule.datacatalog.google_data_catalog_tag_template.business_metadata["tag_template1"]: Refreshing state... [id=projects/semantics-390012/locations/europe-west3/tagTemplates/tag_template1][0m
[0m[1mmodule.bigquery.google_bigquery_dataset.dataset["marketing_source_aligned"]: Refreshing state... [id=projects/semantics-390012/datasets/marketing_source_aligned][0m
[0m[1mmodule.bigquery.google_bigquery_dataset.dataset["sales_analytical"]: Refreshing state... [id=projects/semantics-390012/datasets/sales_analytical][0m
[0m[1mmodule.bigquery.google_bigquery_dataset.dataset["sales_transformed"]: Refreshing state... [id=projects/semantics-390012/datasets/sales_transformed][0m
[0m[1mmodule.bigquery.google_bigquery_dataset.dataset["hr_analytical"]: Refreshing state... [id=projects/semantics-390012/datasets/hr_analytical][0m
[0m[1mmodule.bigquery.google_bigquery_dataset.dataset["marketing_transformed"]: Refreshing state... [id=projects/semantics-390012/datasets/marketing_transformed][0m
[0m[1mmodule.bigquery.google_bigquery_dataset.dataset["sales_source_aligned"]: Refreshing state... [id=projects/semantics-390012/datasets/sales_source_aligned][0m
[0m[1mmodule.bigquery.google_bigquery_dataset.dataset["hr_transformed"]: Refreshing state... [id=projects/semantics-390012/datasets/hr_transformed][0m
[0m[1mmodule.bigquery.google_bigquery_dataset.dataset["hr_source_aligned"]: Refreshing state... [id=projects/semantics-390012/datasets/hr_source_aligned][0m
[0m[1mmodule.bigquery.google_bigquery_dataset.dataset["marketing_analytical"]: Refreshing state... [id=projects/semantics-390012/datasets/marketing_analytical][0m
[0m[1mmodule.bi_service_account.google_project_iam_member.service_account_roles["roles/bigquery.dataEditor"]: Refreshing state... [id=semantics-390012/roles/bigquery.dataEditor/serviceAccount:bi-service-account@semantics-390012.iam.gserviceaccount.com][0m
[0m[1mmodule.tagging.module.cf_service_account.google_project_iam_member.service_account_roles["roles/artifactregistry.reader"]: Refreshing state... [id=semantics-390012/roles/artifactregistry.reader/serviceAccount:cf-service-account@semantics-390012.iam.gserviceaccount.com][0m
[0m[1mmodule.dataform.google_secret_manager_secret_version.secret_version: Refreshing state... [id=projects/889453783545/secrets/dataform_secret/versions/1][0m
[0m[1mmodule.tagging.google_bigquery_dataset.resources: Refreshing state... [id=projects/semantics-390012/datasets/resources][0m
[0m[1mmodule.bi_service_account.google_project_iam_member.service_account_roles["roles/bigquery.dataViewer"]: Refreshing state... [id=semantics-390012/roles/bigquery.dataViewer/serviceAccount:bi-service-account@semantics-390012.iam.gserviceaccount.com][0m
[0m[1mmodule.bi_service_account.google_project_iam_member.service_account_roles["roles/bigquery.jobUser"]: Refreshing state... [id=semantics-390012/roles/bigquery.jobUser/serviceAccount:bi-service-account@semantics-390012.iam.gserviceaccount.com][0m
[0m[1mmodule.tagging.module.cf_service_account.google_project_iam_member.service_account_roles["roles/datacatalog.tagEditor"]: Refreshing state... [id=semantics-390012/roles/datacatalog.tagEditor/serviceAccount:cf-service-account@semantics-390012.iam.gserviceaccount.com][0m
[0m[1mmodule.tagging.module.cf_service_account.google_project_iam_member.service_account_roles["roles/datacatalog.tagTemplateUser"]: Refreshing state... [id=semantics-390012/roles/datacatalog.tagTemplateUser/serviceAccount:cf-service-account@semantics-390012.iam.gserviceaccount.com][0m
[0m[1mdata.google_project.project: Read complete after 1s [id=projects/semantics-390012][0m
[0m[1mmodule.tagging.module.cf_service_account.google_project_iam_member.service_account_roles["roles/datacatalog.viewer"]: Refreshing state... [id=semantics-390012/roles/datacatalog.viewer/serviceAccount:cf-service-account@semantics-390012.iam.gserviceaccount.com][0m
[0m[1mmodule.tagging.module.cf_service_account.google_project_iam_member.service_account_roles["roles/logging.logWriter"]: Refreshing state... [id=semantics-390012/roles/logging.logWriter/serviceAccount:cf-service-account@semantics-390012.iam.gserviceaccount.com][0m
[0m[1mmodule.tagging.google_storage_bucket_object.zip: Refreshing state... [id=semantics-390012-resources-src-d3a4e9d9a24eb2af7cb3734f060746e2.zip][0m
[0m[1mmodule.bigquery.google_dataplex_lake.lake["marketing"]: Refreshing state... [id=projects/semantics-390012/locations/europe-west3/lakes/marketing][0m
[0m[1mmodule.bigquery.google_dataplex_lake.lake["sales"]: Refreshing state... [id=projects/semantics-390012/locations/europe-west3/lakes/sales][0m
[0m[1mmodule.bigquery.google_dataplex_lake.lake["hr"]: Refreshing state... [id=projects/semantics-390012/locations/europe-west3/lakes/hr][0m
[0m[1mmodule.dataform.google_dataform_repository.dataform_repository: Refreshing state... [id=projects/semantics-390012/locations/europe-west3/repositories/dataform_repository][0m
[0m[1mmodule.dataform.google_project_iam_member.dataform_service_account[1]: Refreshing state... [id=semantics-390012/roles/bigquery.dataEditor/serviceAccount:service-889453783545@gcp-sa-dataform.iam.gserviceaccount.com][0m
[0m[1mmodule.dataform.google_project_iam_member.dataform_service_account[0]: Refreshing state... [id=semantics-390012/roles/bigquery.user/serviceAccount:service-889453783545@gcp-sa-dataform.iam.gserviceaccount.com][0m
[0m[1mmodule.dataform.google_project_iam_member.dataform_service_account[2]: Refreshing state... [id=semantics-390012/roles/bigquery.connectionUser/serviceAccount:service-889453783545@gcp-sa-dataform.iam.gserviceaccount.com][0m
[0m[1mmodule.bigquery.google_dataplex_zone.zone["sales_source_aligned"]: Refreshing state... [id=projects/semantics-390012/locations/europe-west3/lakes/sales/zones/source-aligned][0m
[0m[1mmodule.bigquery.google_dataplex_zone.zone["sales_transformed"]: Refreshing state... [id=projects/semantics-390012/locations/europe-west3/lakes/sales/zones/transformed][0m
[0m[1mmodule.bigquery.google_dataplex_zone.zone["hr_source_aligned"]: Refreshing state... [id=projects/semantics-390012/locations/europe-west3/lakes/hr/zones/source-aligned][0m
[0m[1mmodule.bigquery.google_dataplex_zone.zone["sales_analytical"]: Refreshing state... [id=projects/semantics-390012/locations/europe-west3/lakes/sales/zones/analytical][0m
[0m[1mmodule.bigquery.google_dataplex_zone.zone["marketing_transformed"]: Refreshing state... [id=projects/semantics-390012/locations/europe-west3/lakes/marketing/zones/transformed][0m
[0m[1mmodule.bigquery.google_dataplex_zone.zone["marketing_source_aligned"]: Refreshing state... [id=projects/semantics-390012/locations/europe-west3/lakes/marketing/zones/source-aligned][0m
[0m[1mmodule.bigquery.google_dataplex_zone.zone["marketing_analytical"]: Refreshing state... [id=projects/semantics-390012/locations/europe-west3/lakes/marketing/zones/analytical][0m

Terraform used the selected providers to generate the following execution
plan. Resource actions are indicated with the following symbols:
  [32m+[0m create[0m
[31m-[0m/[32m+[0m destroy and then create replacement[0m
 [36m<=[0m read (data resources)[0m

Terraform will perform the following actions:

[1m  # google_project_service.apis_to_activate["cloudbuild"][0m will be created
[0m  [32m+[0m[0m resource "google_project_service" "apis_to_activate" {
      [32m+[0m[0m disable_dependent_services = true
      [32m+[0m[0m disable_on_destroy         = true
      [32m+[0m[0m id                         = (known after apply)
      [32m+[0m[0m project                    = "semantics-390012"
      [32m+[0m[0m service                    = "cloudbuild.googleapis.com"
    }

[1m  # google_project_service.apis_to_activate["cloudfunctions"][0m will be created
[0m  [32m+[0m[0m resource "google_project_service" "apis_to_activate" {
      [32m+[0m[0m disable_dependent_services = true
      [32m+[0m[0m disable_on_destroy         = true
      [32m+[0m[0m id                         = (known after apply)
      [32m+[0m[0m project                    = "semantics-390012"
      [32m+[0m[0m service                    = "cloudfunctions.googleapis.com"
    }

[1m  # google_project_service.apis_to_activate["run"][0m will be created
[0m  [32m+[0m[0m resource "google_project_service" "apis_to_activate" {
      [32m+[0m[0m disable_dependent_services = true
      [32m+[0m[0m disable_on_destroy         = true
      [32m+[0m[0m id                         = (known after apply)
      [32m+[0m[0m project                    = "semantics-390012"
      [32m+[0m[0m service                    = "run.googleapis.com"
    }

[1m  # google_project_service.apis_to_activate["serviceusage"][0m will be created
[0m  [32m+[0m[0m resource "google_project_service" "apis_to_activate" {
      [32m+[0m[0m disable_dependent_services = true
      [32m+[0m[0m disable_on_destroy         = true
      [32m+[0m[0m id                         = (known after apply)
      [32m+[0m[0m project                    = "semantics-390012"
      [32m+[0m[0m service                    = "serviceusage.googleapis.com"
    }

[1m  # module.bigquery.google_dataplex_asset.asset["hr_analytical"][0m will be created
[0m  [32m+[0m[0m resource "google_dataplex_asset" "asset" {
      [32m+[0m[0m create_time      = (known after apply)
      [32m+[0m[0m dataplex_zone    = "analytical"
      [32m+[0m[0m discovery_status = (known after apply)
      [32m+[0m[0m display_name     = "Asset for hr_analytical"
      [32m+[0m[0m id               = (known after apply)
      [32m+[0m[0m lake             = "hr"
      [32m+[0m[0m location         = "europe-west3"
      [32m+[0m[0m name             = "hr_analytical"
      [32m+[0m[0m project          = "semantics-390012"
      [32m+[0m[0m resource_status  = (known after apply)
      [32m+[0m[0m security_status  = (known after apply)
      [32m+[0m[0m state            = (known after apply)
      [32m+[0m[0m uid              = (known after apply)
      [32m+[0m[0m update_time      = (known after apply)

      [32m+[0m[0m discovery_spec {
          [32m+[0m[0m enabled = true
        }

      [32m+[0m[0m resource_spec {
          [32m+[0m[0m name = "projects/semantics-390012/datasets/hr_analytical"
          [32m+[0m[0m type = "BIGQUERY_DATASET"
        }
    }

[1m  # module.bigquery.google_dataplex_asset.asset["hr_source_aligned"][0m will be created
[0m  [32m+[0m[0m resource "google_dataplex_asset" "asset" {
      [32m+[0m[0m create_time      = (known after apply)
      [32m+[0m[0m dataplex_zone    = "source-aligned"
      [32m+[0m[0m discovery_status = (known after apply)
      [32m+[0m[0m display_name     = "Asset for hr_source_aligned"
      [32m+[0m[0m id               = (known after apply)
      [32m+[0m[0m lake             = "hr"
      [32m+[0m[0m location         = "europe-west3"
      [32m+[0m[0m name             = "hr_source_aligned"
      [32m+[0m[0m project          = "semantics-390012"
      [32m+[0m[0m resource_status  = (known after apply)
      [32m+[0m[0m security_status  = (known after apply)
      [32m+[0m[0m state            = (known after apply)
      [32m+[0m[0m uid              = (known after apply)
      [32m+[0m[0m update_time      = (known after apply)

      [32m+[0m[0m discovery_spec {
          [32m+[0m[0m enabled = true
        }

      [32m+[0m[0m resource_spec {
          [32m+[0m[0m name = "projects/semantics-390012/datasets/hr_source_aligned"
          [32m+[0m[0m type = "BIGQUERY_DATASET"
        }
    }

[1m  # module.bigquery.google_dataplex_asset.asset["hr_transformed"][0m will be created
[0m  [32m+[0m[0m resource "google_dataplex_asset" "asset" {
      [32m+[0m[0m create_time      = (known after apply)
      [32m+[0m[0m dataplex_zone    = "transformed"
      [32m+[0m[0m discovery_status = (known after apply)
      [32m+[0m[0m display_name     = "Asset for hr_transformed"
      [32m+[0m[0m id               = (known after apply)
      [32m+[0m[0m lake             = "hr"
      [32m+[0m[0m location         = "europe-west3"
      [32m+[0m[0m name             = "hr_transformed"
      [32m+[0m[0m project          = "semantics-390012"
      [32m+[0m[0m resource_status  = (known after apply)
      [32m+[0m[0m security_status  = (known after apply)
      [32m+[0m[0m state            = (known after apply)
      [32m+[0m[0m uid              = (known after apply)
      [32m+[0m[0m update_time      = (known after apply)

      [32m+[0m[0m discovery_spec {
          [32m+[0m[0m enabled = true
        }

      [32m+[0m[0m resource_spec {
          [32m+[0m[0m name = "projects/semantics-390012/datasets/hr_transformed"
          [32m+[0m[0m type = "BIGQUERY_DATASET"
        }
    }

[1m  # module.bigquery.google_dataplex_asset.asset["marketing_analytical"][0m will be created
[0m  [32m+[0m[0m resource "google_dataplex_asset" "asset" {
      [32m+[0m[0m create_time      = (known after apply)
      [32m+[0m[0m dataplex_zone    = "analytical"
      [32m+[0m[0m discovery_status = (known after apply)
      [32m+[0m[0m display_name     = "Asset for marketing_analytical"
      [32m+[0m[0m id               = (known after apply)
      [32m+[0m[0m lake             = "marketing"
      [32m+[0m[0m location         = "europe-west3"
      [32m+[0m[0m name             = "marketing_analytical"
      [32m+[0m[0m project          = "semantics-390012"
      [32m+[0m[0m resource_status  = (known after apply)
      [32m+[0m[0m security_status  = (known after apply)
      [32m+[0m[0m state            = (known after apply)
      [32m+[0m[0m uid              = (known after apply)
      [32m+[0m[0m update_time      = (known after apply)

      [32m+[0m[0m discovery_spec {
          [32m+[0m[0m enabled = true
        }

      [32m+[0m[0m resource_spec {
          [32m+[0m[0m name = "projects/semantics-390012/datasets/marketing_analytical"
          [32m+[0m[0m type = "BIGQUERY_DATASET"
        }
    }

[1m  # module.bigquery.google_dataplex_asset.asset["marketing_source_aligned"][0m will be created
[0m  [32m+[0m[0m resource "google_dataplex_asset" "asset" {
      [32m+[0m[0m create_time      = (known after apply)
      [32m+[0m[0m dataplex_zone    = "source-aligned"
      [32m+[0m[0m discovery_status = (known after apply)
      [32m+[0m[0m display_name     = "Asset for marketing_source_aligned"
      [32m+[0m[0m id               = (known after apply)
      [32m+[0m[0m lake             = "marketing"
      [32m+[0m[0m location         = "europe-west3"
      [32m+[0m[0m name             = "marketing_source_aligned"
      [32m+[0m[0m project          = "semantics-390012"
      [32m+[0m[0m resource_status  = (known after apply)
      [32m+[0m[0m security_status  = (known after apply)
      [32m+[0m[0m state            = (known after apply)
      [32m+[0m[0m uid              = (known after apply)
      [32m+[0m[0m update_time      = (known after apply)

      [32m+[0m[0m discovery_spec {
          [32m+[0m[0m enabled = true
        }

      [32m+[0m[0m resource_spec {
          [32m+[0m[0m name = "projects/semantics-390012/datasets/marketing_source_aligned"
          [32m+[0m[0m type = "BIGQUERY_DATASET"
        }
    }

[1m  # module.bigquery.google_dataplex_asset.asset["marketing_transformed"][0m will be created
[0m  [32m+[0m[0m resource "google_dataplex_asset" "asset" {
      [32m+[0m[0m create_time      = (known after apply)
      [32m+[0m[0m dataplex_zone    = "transformed"
      [32m+[0m[0m discovery_status = (known after apply)
      [32m+[0m[0m display_name     = "Asset for marketing_transformed"
      [32m+[0m[0m id               = (known after apply)
      [32m+[0m[0m lake             = "marketing"
      [32m+[0m[0m location         = "europe-west3"
      [32m+[0m[0m name             = "marketing_transformed"
      [32m+[0m[0m project          = "semantics-390012"
      [32m+[0m[0m resource_status  = (known after apply)
      [32m+[0m[0m security_status  = (known after apply)
      [32m+[0m[0m state            = (known after apply)
      [32m+[0m[0m uid              = (known after apply)
      [32m+[0m[0m update_time      = (known after apply)

      [32m+[0m[0m discovery_spec {
          [32m+[0m[0m enabled = true
        }

      [32m+[0m[0m resource_spec {
          [32m+[0m[0m name = "projects/semantics-390012/datasets/marketing_transformed"
          [32m+[0m[0m type = "BIGQUERY_DATASET"
        }
    }

[1m  # module.bigquery.google_dataplex_asset.asset["sales_analytical"][0m will be created
[0m  [32m+[0m[0m resource "google_dataplex_asset" "asset" {
      [32m+[0m[0m create_time      = (known after apply)
      [32m+[0m[0m dataplex_zone    = "analytical"
      [32m+[0m[0m discovery_status = (known after apply)
      [32m+[0m[0m display_name     = "Asset for sales_analytical"
      [32m+[0m[0m id               = (known after apply)
      [32m+[0m[0m lake             = "sales"
      [32m+[0m[0m location         = "europe-west3"
      [32m+[0m[0m name             = "sales_analytical"
      [32m+[0m[0m project          = "semantics-390012"
      [32m+[0m[0m resource_status  = (known after apply)
      [32m+[0m[0m security_status  = (known after apply)
      [32m+[0m[0m state            = (known after apply)
      [32m+[0m[0m uid              = (known after apply)
      [32m+[0m[0m update_time      = (known after apply)

      [32m+[0m[0m discovery_spec {
          [32m+[0m[0m enabled = true
        }

      [32m+[0m[0m resource_spec {
          [32m+[0m[0m name = "projects/semantics-390012/datasets/sales_analytical"
          [32m+[0m[0m type = "BIGQUERY_DATASET"
        }
    }

[1m  # module.bigquery.google_dataplex_asset.asset["sales_source_aligned"][0m will be created
[0m  [32m+[0m[0m resource "google_dataplex_asset" "asset" {
      [32m+[0m[0m create_time      = (known after apply)
      [32m+[0m[0m dataplex_zone    = "source-aligned"
      [32m+[0m[0m discovery_status = (known after apply)
      [32m+[0m[0m display_name     = "Asset for sales_source_aligned"
      [32m+[0m[0m id               = (known after apply)
      [32m+[0m[0m lake             = "sales"
      [32m+[0m[0m location         = "europe-west3"
      [32m+[0m[0m name             = "sales_source_aligned"
      [32m+[0m[0m project          = "semantics-390012"
      [32m+[0m[0m resource_status  = (known after apply)
      [32m+[0m[0m security_status  = (known after apply)
      [32m+[0m[0m state            = (known after apply)
      [32m+[0m[0m uid              = (known after apply)
      [32m+[0m[0m update_time      = (known after apply)

      [32m+[0m[0m discovery_spec {
          [32m+[0m[0m enabled = true
        }

      [32m+[0m[0m resource_spec {
          [32m+[0m[0m name = "projects/semantics-390012/datasets/sales_source_aligned"
          [32m+[0m[0m type = "BIGQUERY_DATASET"
        }
    }

[1m  # module.bigquery.google_dataplex_asset.asset["sales_transformed"][0m will be created
[0m  [32m+[0m[0m resource "google_dataplex_asset" "asset" {
      [32m+[0m[0m create_time      = (known after apply)
      [32m+[0m[0m dataplex_zone    = "transformed"
      [32m+[0m[0m discovery_status = (known after apply)
      [32m+[0m[0m display_name     = "Asset for sales_transformed"
      [32m+[0m[0m id               = (known after apply)
      [32m+[0m[0m lake             = "sales"
      [32m+[0m[0m location         = "europe-west3"
      [32m+[0m[0m name             = "sales_transformed"
      [32m+[0m[0m project          = "semantics-390012"
      [32m+[0m[0m resource_status  = (known after apply)
      [32m+[0m[0m security_status  = (known after apply)
      [32m+[0m[0m state            = (known after apply)
      [32m+[0m[0m uid              = (known after apply)
      [32m+[0m[0m update_time      = (known after apply)

      [32m+[0m[0m discovery_spec {
          [32m+[0m[0m enabled = true
        }

      [32m+[0m[0m resource_spec {
          [32m+[0m[0m name = "projects/semantics-390012/datasets/sales_transformed"
          [32m+[0m[0m type = "BIGQUERY_DATASET"
        }
    }

[1m  # module.bigquery.google_dataplex_zone.zone["hr_analytical"][0m will be created
[0m  [32m+[0m[0m resource "google_dataplex_zone" "zone" {
      [32m+[0m[0m asset_status = (known after apply)
      [32m+[0m[0m create_time  = (known after apply)
      [32m+[0m[0m display_name = "Zone for analytical level"
      [32m+[0m[0m id           = (known after apply)
      [32m+[0m[0m labels       = {
          [32m+[0m[0m "level" = "analytical"
        }
      [32m+[0m[0m lake         = "hr"
      [32m+[0m[0m location     = "europe-west3"
      [32m+[0m[0m name         = "analytical"
      [32m+[0m[0m project      = "semantics-390012"
      [32m+[0m[0m state        = (known after apply)
      [32m+[0m[0m type         = "CURATED"
      [32m+[0m[0m uid          = (known after apply)
      [32m+[0m[0m update_time  = (known after apply)

      [32m+[0m[0m discovery_spec {
          [32m+[0m[0m enabled  = true
          [32m+[0m[0m schedule = (known after apply)
        }

      [32m+[0m[0m resource_spec {
          [32m+[0m[0m location_type = "SINGLE_REGION"
        }
    }

[1m  # module.bigquery.google_dataplex_zone.zone["hr_transformed"][0m will be created
[0m  [32m+[0m[0m resource "google_dataplex_zone" "zone" {
      [32m+[0m[0m asset_status = (known after apply)
      [32m+[0m[0m create_time  = (known after apply)
      [32m+[0m[0m display_name = "Zone for transformed level"
      [32m+[0m[0m id           = (known after apply)
      [32m+[0m[0m labels       = {
          [32m+[0m[0m "level" = "transformed"
        }
      [32m+[0m[0m lake         = "hr"
      [32m+[0m[0m location     = "europe-west3"
      [32m+[0m[0m name         = "transformed"
      [32m+[0m[0m project      = "semantics-390012"
      [32m+[0m[0m state        = (known after apply)
      [32m+[0m[0m type         = "CURATED"
      [32m+[0m[0m uid          = (known after apply)
      [32m+[0m[0m update_time  = (known after apply)

      [32m+[0m[0m discovery_spec {
          [32m+[0m[0m enabled  = true
          [32m+[0m[0m schedule = (known after apply)
        }

      [32m+[0m[0m resource_spec {
          [32m+[0m[0m location_type = "SINGLE_REGION"
        }
    }

[1m  # module.tagging.data.archive_file.source[0m will be read during apply
  # (depends on a resource or a module with changes pending)
[0m [36m<=[0m[0m data "archive_file" "source" {
      [32m+[0m[0m id                  = (known after apply)
      [32m+[0m[0m output_base64sha256 = (known after apply)
      [32m+[0m[0m output_base64sha512 = (known after apply)
      [32m+[0m[0m output_md5          = (known after apply)
      [32m+[0m[0m output_path         = "/tmp/tagging.zip"
      [32m+[0m[0m output_sha          = (known after apply)
      [32m+[0m[0m output_sha256       = (known after apply)
      [32m+[0m[0m output_sha512       = (known after apply)
      [32m+[0m[0m output_size         = (known after apply)
      [32m+[0m[0m source_dir          = "./functions/tagging"
      [32m+[0m[0m type                = "zip"
    }

[1m  # module.tagging.google_bigquery_job.deploy_remote_functions_job[0m will be created
[0m  [32m+[0m[0m resource "google_bigquery_job" "deploy_remote_functions_job" {
      [32m+[0m[0m id         = (known after apply)
      [32m+[0m[0m job_id     = "d_job_deploy_tagging_EusLb7k9qxsbYDLQ"
      [32m+[0m[0m job_type   = (known after apply)
      [32m+[0m[0m location   = "europe-west3"
      [32m+[0m[0m project    = (known after apply)
      [32m+[0m[0m status     = (known after apply)
      [32m+[0m[0m user_email = (known after apply)

      [32m+[0m[0m query {
          [32m+[0m[0m priority        = "INTERACTIVE"
          [32m+[0m[0m query           = "CALL resources.deploy_tagging();"
          [32m+[0m[0m use_query_cache = true
        }
    }

[1m  # module.tagging.google_bigquery_routine.routine_deploy_functions[0m will be created
[0m  [32m+[0m[0m resource "google_bigquery_routine" "routine_deploy_functions" {
      [32m+[0m[0m creation_time      = (known after apply)
      [32m+[0m[0m dataset_id         = "resources"
      [32m+[0m[0m definition_body    = (known after apply)
      [32m+[0m[0m id                 = (known after apply)
      [32m+[0m[0m language           = "SQL"
      [32m+[0m[0m last_modified_time = (known after apply)
      [32m+[0m[0m project            = (known after apply)
      [32m+[0m[0m routine_id         = "deploy_tagging"
      [32m+[0m[0m routine_type       = "PROCEDURE"
    }

[1m  # module.tagging.google_cloud_run_service_iam_member.bigquery_connection_service_account[0m will be created
[0m  [32m+[0m[0m resource "google_cloud_run_service_iam_member" "bigquery_connection_service_account" {
      [32m+[0m[0m etag     = (known after apply)
      [32m+[0m[0m id       = (known after apply)
      [32m+[0m[0m location = "europe-west3"
      [32m+[0m[0m member   = "serviceAccount:bqcx-889453783545-eghu@gcp-sa-bigquery-condel.iam.gserviceaccount.com"
      [32m+[0m[0m project  = "semantics-390012"
      [32m+[0m[0m role     = "roles/run.invoker"
      [32m+[0m[0m service  = (known after apply)
    }

[1m  # module.tagging.google_cloudfunctions2_function.function[0m will be created
[0m  [32m+[0m[0m resource "google_cloudfunctions2_function" "function" {
      [32m+[0m[0m environment = (known after apply)
      [32m+[0m[0m id          = (known after apply)
      [32m+[0m[0m location    = "europe-west3"
      [32m+[0m[0m name        = "tagging"
      [32m+[0m[0m project     = "semantics-390012"
      [32m+[0m[0m state       = (known after apply)
      [32m+[0m[0m update_time = (known after apply)
      [32m+[0m[0m url         = (known after apply)

      [32m+[0m[0m build_config {
          [32m+[0m[0m build                 = (known after apply)
          [32m+[0m[0m entry_point           = "process_request"
          [32m+[0m[0m environment_variables = (known after apply)
          [32m+[0m[0m runtime               = "python311"

          [32m+[0m[0m source {
              [32m+[0m[0m storage_source {
                  [32m+[0m[0m bucket = "semantics-390012-resources"
                  [32m+[0m[0m object = (known after apply)
                }
            }
        }

      [32m+[0m[0m service_config {
          [32m+[0m[0m all_traffic_on_latest_revision   = true
          [32m+[0m[0m available_cpu                    = "2"
          [32m+[0m[0m available_memory                 = "1Gi"
          [32m+[0m[0m environment_variables            = {
              [32m+[0m[0m "TAG_TEMPLATE_ID"      = "tag_template1"
              [32m+[0m[0m "TAG_TEMPLATE_PROJECT" = "semantics-390012"
              [32m+[0m[0m "TAG_TEMPLATE_REGION"  = "europe-west3"
            }
          [32m+[0m[0m gcf_uri                          = (known after apply)
          [32m+[0m[0m ingress_settings                 = "ALLOW_INTERNAL_ONLY"
          [32m+[0m[0m max_instance_count               = 3
          [32m+[0m[0m max_instance_request_concurrency = 80
          [32m+[0m[0m min_instance_count               = 1
          [32m+[0m[0m service                          = (known after apply)
          [32m+[0m[0m service_account_email            = "cf-service-account@semantics-390012.iam.gserviceaccount.com"
          [32m+[0m[0m timeout_seconds                  = 60
          [32m+[0m[0m uri                              = (known after apply)
        }
    }

[1m  # module.tagging.google_storage_bucket_object.zip[0m must be [1m[31mreplaced[0m
[0m[31m-[0m/[32m+[0m[0m resource "google_storage_bucket_object" "zip" {
      [33m~[0m[0m crc32c           = "6l1bNw==" -> (known after apply)
      [33m~[0m[0m detect_md5hash   = "06Tp2aJOsq98s3NPBgdG4g==" [33m->[0m[0m "different hash"
      [31m-[0m[0m event_based_hold = false [90m-> null[0m[0m
      [33m~[0m[0m id               = "semantics-390012-resources-src-d3a4e9d9a24eb2af7cb3734f060746e2.zip" -> (known after apply)
      [32m+[0m[0m kms_key_name     = (known after apply)
      [33m~[0m[0m md5hash          = "06Tp2aJOsq98s3NPBgdG4g==" -> (known after apply)
      [33m~[0m[0m media_link       = "https://storage.googleapis.com/download/storage/v1/b/semantics-390012-resources/o/src-d3a4e9d9a24eb2af7cb3734f060746e2.zip?generation=1688110171609862&alt=media" -> (known after apply)
      [31m-[0m[0m metadata         = {} [90m-> null[0m[0m
      [33m~[0m[0m name             = "src-d3a4e9d9a24eb2af7cb3734f060746e2.zip" [31m# forces replacement[0m[0m -> (known after apply)
      [33m~[0m[0m output_name      = "src-d3a4e9d9a24eb2af7cb3734f060746e2.zip" -> (known after apply)
      [33m~[0m[0m self_link        = "https://www.googleapis.com/storage/v1/b/semantics-390012-resources/o/src-d3a4e9d9a24eb2af7cb3734f060746e2.zip" -> (known after apply)
      [33m~[0m[0m storage_class    = "STANDARD" -> (known after apply)
      [31m-[0m[0m temporary_hold   = false [90m-> null[0m[0m
        [90m# (3 unchanged attributes hidden)[0m[0m
    }

[1mPlan:[0m 20 to add, 0 to change, 1 to destroy.
[0m[90m
─────────────────────────────────────────────────────────────────────────────[0m

Note: You didn't use the -out option to save this plan, so Terraform can't
guarantee to take exactly these actions if you run "terraform apply" now.
