{"format_version":"1.2","terraform_version":"1.5.0","variables":{"composer_config":{"value":{"environment_size":"ENVIRONMENT_SIZE_SMALL","software_config":{"image_version":"composer-2-airflow-2"},"workloads_config":null}},"data_domains":{"value":["hr"]},"data_layers":{"value":["source","staging","core","semantic"]},"dataform_remote_repository_branch":{"value":"main"},"dataform_remote_repository_token":{"value":"kjbnsdfjknsajknf"},"dataform_remote_repository_url":{"value":"github//test"},"dataform_repository_name":{"value":"test"},"dataform_secret_name":{"value":"dataform_secret"},"location":{"value":"europe-west3"},"project_id":{"value":"fast-bi-fabric"}},"planned_values":{"root_module":{"resources":[{"address":"google_composer_environment.tooling","mode":"managed","type":"google_composer_environment","name":"tooling","provider_name":"registry.terraform.io/hashicorp/google","schema_version":0,"values":{"labels":null,"name":"fast-bi-fabric-composer","project":"fast-bi-fabric","region":"europe-west3","timeouts":null},"sensitive_values":{"config":[],"effective_labels":{},"terraform_labels":{}}}],"child_modules":[{"resources":[{"address":"module.bigquery[\"0\"].google_bigquery_dataset.default","mode":"managed","type":"google_bigquery_dataset","name":"default","provider_name":"registry.terraform.io/hashicorp/google","schema_version":0,"values":{"dataset_id":"dev","default_encryption_configuration":[],"default_partition_expiration_ms":null,"default_table_expiration_ms":null,"delete_contents_on_destroy":false,"description":"Terraform managed.","effective_labels":{"data_environment":"dev","data_layer":"source","provisioned_by":"terraform"},"friendly_name":null,"labels":{"data_environment":"dev","data_layer":"source","provisioned_by":"terraform"},"location":"europe-west3","max_time_travel_hours":"168","project":"source","terraform_labels":{"data_environment":"dev","data_layer":"source","provisioned_by":"terraform"},"timeouts":null},"sensitive_values":{"access":[],"default_encryption_configuration":[],"effective_labels":{},"labels":{},"terraform_labels":{}}}],"address":"module.bigquery[\"0\"]"},{"resources":[{"address":"module.bigquery[\"1\"].google_bigquery_dataset.default","mode":"managed","type":"google_bigquery_dataset","name":"default","provider_name":"registry.terraform.io/hashicorp/google","schema_version":0,"values":{"dataset_id":"uat","default_encryption_configuration":[],"default_partition_expiration_ms":null,"default_table_expiration_ms":null,"delete_contents_on_destroy":false,"description":"Terraform managed.","effective_labels":{"data_environment":"uat","data_layer":"source","provisioned_by":"terraform"},"friendly_name":null,"labels":{"data_environment":"uat","data_layer":"source","provisioned_by":"terraform"},"location":"europe-west3","max_time_travel_hours":"168","project":"source","terraform_labels":{"data_environment":"uat","data_layer":"source","provisioned_by":"terraform"},"timeouts":null},"sensitive_values":{"access":[],"default_encryption_configuration":[],"effective_labels":{},"labels":{},"terraform_labels":{}}}],"address":"module.bigquery[\"1\"]"},{"resources":[{"address":"module.bigquery[\"2\"].google_bigquery_dataset.default","mode":"managed","type":"google_bigquery_dataset","name":"default","provider_name":"registry.terraform.io/hashicorp/google","schema_version":0,"values":{"dataset_id":"prod","default_encryption_configuration":[],"default_partition_expiration_ms":null,"default_table_expiration_ms":null,"delete_contents_on_destroy":false,"description":"Terraform managed.","effective_labels":{"data_environment":"prod","data_layer":"source","provisioned_by":"terraform"},"friendly_name":null,"labels":{"data_environment":"prod","data_layer":"source","provisioned_by":"terraform"},"location":"europe-west3","max_time_travel_hours":"168","project":"source","terraform_labels":{"data_environment":"prod","data_layer":"source","provisioned_by":"terraform"},"timeouts":null},"sensitive_values":{"access":[],"default_encryption_configuration":[],"effective_labels":{},"labels":{},"terraform_labels":{}}}],"address":"module.bigquery[\"2\"]"},{"resources":[{"address":"module.bigquery[\"3\"].google_bigquery_dataset.default","mode":"managed","type":"google_bigquery_dataset","name":"default","provider_name":"registry.terraform.io/hashicorp/google","schema_version":0,"values":{"dataset_id":"dev","default_encryption_configuration":[],"default_partition_expiration_ms":null,"default_table_expiration_ms":null,"delete_contents_on_destroy":false,"description":"Terraform managed.","effective_labels":{"data_environment":"dev","data_layer":"staging","provisioned_by":"terraform"},"friendly_name":null,"labels":{"data_environment":"dev","data_layer":"staging","provisioned_by":"terraform"},"location":"europe-west3","max_time_travel_hours":"168","project":"staging","terraform_labels":{"data_environment":"dev","data_layer":"staging","provisioned_by":"terraform"},"timeouts":null},"sensitive_values":{"access":[],"default_encryption_configuration":[],"effective_labels":{},"labels":{},"terraform_labels":{}}}],"address":"module.bigquery[\"3\"]"},{"resources":[{"address":"module.bigquery[\"4\"].google_bigquery_dataset.default","mode":"managed","type":"google_bigquery_dataset","name":"default","provider_name":"registry.terraform.io/hashicorp/google","schema_version":0,"values":{"dataset_id":"prod","default_encryption_configuration":[],"default_partition_expiration_ms":null,"default_table_expiration_ms":null,"delete_contents_on_destroy":false,"description":"Terraform managed.","effective_labels":{"data_environment":"prod","data_layer":"staging","provisioned_by":"terraform"},"friendly_name":null,"labels":{"data_environment":"prod","data_layer":"staging","provisioned_by":"terraform"},"location":"europe-west3","max_time_travel_hours":"168","project":"staging","terraform_labels":{"data_environment":"prod","data_layer":"staging","provisioned_by":"terraform"},"timeouts":null},"sensitive_values":{"access":[],"default_encryption_configuration":[],"effective_labels":{},"labels":{},"terraform_labels":{}}}],"address":"module.bigquery[\"4\"]"},{"resources":[{"address":"module.bigquery[\"5\"].google_bigquery_dataset.default","mode":"managed","type":"google_bigquery_dataset","name":"default","provider_name":"registry.terraform.io/hashicorp/google","schema_version":0,"values":{"dataset_id":"dev","default_encryption_configuration":[],"default_partition_expiration_ms":null,"default_table_expiration_ms":null,"delete_contents_on_destroy":false,"description":"Terraform managed.","effective_labels":{"data_environment":"dev","data_layer":"core","provisioned_by":"terraform"},"friendly_name":null,"labels":{"data_environment":"dev","data_layer":"core","provisioned_by":"terraform"},"location":"europe-west3","max_time_travel_hours":"168","project":"core","terraform_labels":{"data_environment":"dev","data_layer":"core","provisioned_by":"terraform"},"timeouts":null},"sensitive_values":{"access":[],"default_encryption_configuration":[],"effective_labels":{},"labels":{},"terraform_labels":{}}}],"address":"module.bigquery[\"5\"]"},{"resources":[{"address":"module.bigquery[\"6\"].google_bigquery_dataset.default","mode":"managed","type":"google_bigquery_dataset","name":"default","provider_name":"registry.terraform.io/hashicorp/google","schema_version":0,"values":{"dataset_id":"prod","default_encryption_configuration":[],"default_partition_expiration_ms":null,"default_table_expiration_ms":null,"delete_contents_on_destroy":false,"description":"Terraform managed.","effective_labels":{"data_environment":"prod","data_layer":"core","provisioned_by":"terraform"},"friendly_name":null,"labels":{"data_environment":"prod","data_layer":"core","provisioned_by":"terraform"},"location":"europe-west3","max_time_travel_hours":"168","project":"core","terraform_labels":{"data_environment":"prod","data_layer":"core","provisioned_by":"terraform"},"timeouts":null},"sensitive_values":{"access":[],"default_encryption_configuration":[],"effective_labels":{},"labels":{},"terraform_labels":{}}}],"address":"module.bigquery[\"6\"]"},{"resources":[{"address":"module.bigquery[\"7\"].google_bigquery_dataset.default","mode":"managed","type":"google_bigquery_dataset","name":"default","provider_name":"registry.terraform.io/hashicorp/google","schema_version":0,"values":{"dataset_id":"dev","default_encryption_configuration":[],"default_partition_expiration_ms":null,"default_table_expiration_ms":null,"delete_contents_on_destroy":false,"description":"Terraform managed.","effective_labels":{"data_environment":"dev","data_layer":"semantic","provisioned_by":"terraform"},"friendly_name":null,"labels":{"data_environment":"dev","data_layer":"semantic","provisioned_by":"terraform"},"location":"europe-west3","max_time_travel_hours":"168","project":"semantic","terraform_labels":{"data_environment":"dev","data_layer":"semantic","provisioned_by":"terraform"},"timeouts":null},"sensitive_values":{"access":[],"default_encryption_configuration":[],"effective_labels":{},"labels":{},"terraform_labels":{}}}],"address":"module.bigquery[\"7\"]"},{"resources":[{"address":"module.bigquery[\"8\"].google_bigquery_dataset.default","mode":"managed","type":"google_bigquery_dataset","name":"default","provider_name":"registry.terraform.io/hashicorp/google","schema_version":0,"values":{"dataset_id":"uat","default_encryption_configuration":[],"default_partition_expiration_ms":null,"default_table_expiration_ms":null,"delete_contents_on_destroy":false,"description":"Terraform managed.","effective_labels":{"data_environment":"uat","data_layer":"semantic","provisioned_by":"terraform"},"friendly_name":null,"labels":{"data_environment":"uat","data_layer":"semantic","provisioned_by":"terraform"},"location":"europe-west3","max_time_travel_hours":"168","project":"semantic","terraform_labels":{"data_environment":"uat","data_layer":"semantic","provisioned_by":"terraform"},"timeouts":null},"sensitive_values":{"access":[],"default_encryption_configuration":[],"effective_labels":{},"labels":{},"terraform_labels":{}}}],"address":"module.bigquery[\"8\"]"},{"resources":[{"address":"module.bigquery[\"9\"].google_bigquery_dataset.default","mode":"managed","type":"google_bigquery_dataset","name":"default","provider_name":"registry.terraform.io/hashicorp/google","schema_version":0,"values":{"dataset_id":"prod","default_encryption_configuration":[],"default_partition_expiration_ms":null,"default_table_expiration_ms":null,"delete_contents_on_destroy":false,"description":"Terraform managed.","effective_labels":{"data_environment":"prod","data_layer":"semantic","provisioned_by":"terraform"},"friendly_name":null,"labels":{"data_environment":"prod","data_layer":"semantic","provisioned_by":"terraform"},"location":"europe-west3","max_time_travel_hours":"168","project":"semantic","terraform_labels":{"data_environment":"prod","data_layer":"semantic","provisioned_by":"terraform"},"timeouts":null},"sensitive_values":{"access":[],"default_encryption_configuration":[],"effective_labels":{},"labels":{},"terraform_labels":{}}}],"address":"module.bigquery[\"9\"]"},{"resources":[{"address":"module.data_layer_projects[\"core\"].google_project.project[0]","mode":"managed","type":"google_project","name":"project","index":0,"provider_name":"registry.terraform.io/hashicorp/google","schema_version":1,"values":{"auto_create_network":false,"billing_account":"0189FA-E139FD-136A58","folder_id":null,"labels":null,"name":"core","org_id":"1004437788572","project_id":"core","skip_delete":false,"timeouts":null},"sensitive_values":{"effective_labels":{},"terraform_labels":{}}}],"address":"module.data_layer_projects[\"core\"]"},{"resources":[{"address":"module.data_layer_projects[\"semantic\"].google_project.project[0]","mode":"managed","type":"google_project","name":"project","index":0,"provider_name":"registry.terraform.io/hashicorp/google","schema_version":1,"values":{"auto_create_network":false,"billing_account":"0189FA-E139FD-136A58","folder_id":null,"labels":null,"name":"semantic","org_id":"1004437788572","project_id":"semantic","skip_delete":false,"timeouts":null},"sensitive_values":{"effective_labels":{},"terraform_labels":{}}}],"address":"module.data_layer_projects[\"semantic\"]"},{"resources":[{"address":"module.data_layer_projects[\"source\"].google_project.project[0]","mode":"managed","type":"google_project","name":"project","index":0,"provider_name":"registry.terraform.io/hashicorp/google","schema_version":1,"values":{"auto_create_network":false,"billing_account":"0189FA-E139FD-136A58","folder_id":null,"labels":null,"name":"source","org_id":"1004437788572","project_id":"source","skip_delete":false,"timeouts":null},"sensitive_values":{"effective_labels":{},"terraform_labels":{}}}],"address":"module.data_layer_projects[\"source\"]"},{"resources":[{"address":"module.data_layer_projects[\"staging\"].google_project.project[0]","mode":"managed","type":"google_project","name":"project","index":0,"provider_name":"registry.terraform.io/hashicorp/google","schema_version":1,"values":{"auto_create_network":false,"billing_account":"0189FA-E139FD-136A58","folder_id":null,"labels":null,"name":"staging","org_id":"1004437788572","project_id":"staging","skip_delete":false,"timeouts":null},"sensitive_values":{"effective_labels":{},"terraform_labels":{}}}],"address":"module.data_layer_projects[\"staging\"]"},{"resources":[{"address":"module.tooling_project.google_project.project[0]","mode":"managed","type":"google_project","name":"project","index":0,"provider_name":"registry.terraform.io/hashicorp/google","schema_version":1,"values":{"auto_create_network":false,"billing_account":"0189FA-E139FD-136A58","folder_id":null,"labels":null,"name":"fast-bi-fabric","org_id":"1004437788572","project_id":"fast-bi-fabric","skip_delete":false,"timeouts":null},"sensitive_values":{"effective_labels":{},"terraform_labels":{}}}],"address":"module.tooling_project"}]}},"resource_changes":[{"address":"google_composer_environment.tooling","mode":"managed","type":"google_composer_environment","name":"tooling","provider_name":"registry.terraform.io/hashicorp/google","change":{"actions":["create"],"before":null,"after":{"labels":null,"name":"fast-bi-fabric-composer","project":"fast-bi-fabric","region":"europe-west3","timeouts":null},"after_unknown":{"config":true,"effective_labels":true,"id":true,"terraform_labels":true},"before_sensitive":false,"after_sensitive":{"config":[],"effective_labels":{},"terraform_labels":{}}}},{"address":"module.bigquery[\"0\"].google_bigquery_dataset.default","module_address":"module.bigquery[\"0\"]","mode":"managed","type":"google_bigquery_dataset","name":"default","provider_name":"registry.terraform.io/hashicorp/google","change":{"actions":["create"],"before":null,"after":{"dataset_id":"dev","default_encryption_configuration":[],"default_partition_expiration_ms":null,"default_table_expiration_ms":null,"delete_contents_on_destroy":false,"description":"Terraform managed.","effective_labels":{"data_environment":"dev","data_layer":"source","provisioned_by":"terraform"},"friendly_name":null,"labels":{"data_environment":"dev","data_layer":"source","provisioned_by":"terraform"},"location":"europe-west3","max_time_travel_hours":"168","project":"source","terraform_labels":{"data_environment":"dev","data_layer":"source","provisioned_by":"terraform"},"timeouts":null},"after_unknown":{"access":true,"creation_time":true,"default_collation":true,"default_encryption_configuration":[],"effective_labels":{},"etag":true,"id":true,"is_case_insensitive":true,"labels":{},"last_modified_time":true,"self_link":true,"storage_billing_model":true,"terraform_labels":{}},"before_sensitive":false,"after_sensitive":{"access":[],"default_encryption_configuration":[],"effective_labels":{},"labels":{},"terraform_labels":{}}}},{"address":"module.bigquery[\"1\"].google_bigquery_dataset.default","module_address":"module.bigquery[\"1\"]","mode":"managed","type":"google_bigquery_dataset","name":"default","provider_name":"registry.terraform.io/hashicorp/google","change":{"actions":["create"],"before":null,"after":{"dataset_id":"uat","default_encryption_configuration":[],"default_partition_expiration_ms":null,"default_table_expiration_ms":null,"delete_contents_on_destroy":false,"description":"Terraform managed.","effective_labels":{"data_environment":"uat","data_layer":"source","provisioned_by":"terraform"},"friendly_name":null,"labels":{"data_environment":"uat","data_layer":"source","provisioned_by":"terraform"},"location":"europe-west3","max_time_travel_hours":"168","project":"source","terraform_labels":{"data_environment":"uat","data_layer":"source","provisioned_by":"terraform"},"timeouts":null},"after_unknown":{"access":true,"creation_time":true,"default_collation":true,"default_encryption_configuration":[],"effective_labels":{},"etag":true,"id":true,"is_case_insensitive":true,"labels":{},"last_modified_time":true,"self_link":true,"storage_billing_model":true,"terraform_labels":{}},"before_sensitive":false,"after_sensitive":{"access":[],"default_encryption_configuration":[],"effective_labels":{},"labels":{},"terraform_labels":{}}}},{"address":"module.bigquery[\"2\"].google_bigquery_dataset.default","module_address":"module.bigquery[\"2\"]","mode":"managed","type":"google_bigquery_dataset","name":"default","provider_name":"registry.terraform.io/hashicorp/google","change":{"actions":["create"],"before":null,"after":{"dataset_id":"prod","default_encryption_configuration":[],"default_partition_expiration_ms":null,"default_table_expiration_ms":null,"delete_contents_on_destroy":false,"description":"Terraform managed.","effective_labels":{"data_environment":"prod","data_layer":"source","provisioned_by":"terraform"},"friendly_name":null,"labels":{"data_environment":"prod","data_layer":"source","provisioned_by":"terraform"},"location":"europe-west3","max_time_travel_hours":"168","project":"source","terraform_labels":{"data_environment":"prod","data_layer":"source","provisioned_by":"terraform"},"timeouts":null},"after_unknown":{"access":true,"creation_time":true,"default_collation":true,"default_encryption_configuration":[],"effective_labels":{},"etag":true,"id":true,"is_case_insensitive":true,"labels":{},"last_modified_time":true,"self_link":true,"storage_billing_model":true,"terraform_labels":{}},"before_sensitive":false,"after_sensitive":{"access":[],"default_encryption_configuration":[],"effective_labels":{},"labels":{},"terraform_labels":{}}}},{"address":"module.bigquery[\"3\"].google_bigquery_dataset.default","module_address":"module.bigquery[\"3\"]","mode":"managed","type":"google_bigquery_dataset","name":"default","provider_name":"registry.terraform.io/hashicorp/google","change":{"actions":["create"],"before":null,"after":{"dataset_id":"dev","default_encryption_configuration":[],"default_partition_expiration_ms":null,"default_table_expiration_ms":null,"delete_contents_on_destroy":false,"description":"Terraform managed.","effective_labels":{"data_environment":"dev","data_layer":"staging","provisioned_by":"terraform"},"friendly_name":null,"labels":{"data_environment":"dev","data_layer":"staging","provisioned_by":"terraform"},"location":"europe-west3","max_time_travel_hours":"168","project":"staging","terraform_labels":{"data_environment":"dev","data_layer":"staging","provisioned_by":"terraform"},"timeouts":null},"after_unknown":{"access":true,"creation_time":true,"default_collation":true,"default_encryption_configuration":[],"effective_labels":{},"etag":true,"id":true,"is_case_insensitive":true,"labels":{},"last_modified_time":true,"self_link":true,"storage_billing_model":true,"terraform_labels":{}},"before_sensitive":false,"after_sensitive":{"access":[],"default_encryption_configuration":[],"effective_labels":{},"labels":{},"terraform_labels":{}}}},{"address":"module.bigquery[\"4\"].google_bigquery_dataset.default","module_address":"module.bigquery[\"4\"]","mode":"managed","type":"google_bigquery_dataset","name":"default","provider_name":"registry.terraform.io/hashicorp/google","change":{"actions":["create"],"before":null,"after":{"dataset_id":"prod","default_encryption_configuration":[],"default_partition_expiration_ms":null,"default_table_expiration_ms":null,"delete_contents_on_destroy":false,"description":"Terraform managed.","effective_labels":{"data_environment":"prod","data_layer":"staging","provisioned_by":"terraform"},"friendly_name":null,"labels":{"data_environment":"prod","data_layer":"staging","provisioned_by":"terraform"},"location":"europe-west3","max_time_travel_hours":"168","project":"staging","terraform_labels":{"data_environment":"prod","data_layer":"staging","provisioned_by":"terraform"},"timeouts":null},"after_unknown":{"access":true,"creation_time":true,"default_collation":true,"default_encryption_configuration":[],"effective_labels":{},"etag":true,"id":true,"is_case_insensitive":true,"labels":{},"last_modified_time":true,"self_link":true,"storage_billing_model":true,"terraform_labels":{}},"before_sensitive":false,"after_sensitive":{"access":[],"default_encryption_configuration":[],"effective_labels":{},"labels":{},"terraform_labels":{}}}},{"address":"module.bigquery[\"5\"].google_bigquery_dataset.default","module_address":"module.bigquery[\"5\"]","mode":"managed","type":"google_bigquery_dataset","name":"default","provider_name":"registry.terraform.io/hashicorp/google","change":{"actions":["create"],"before":null,"after":{"dataset_id":"dev","default_encryption_configuration":[],"default_partition_expiration_ms":null,"default_table_expiration_ms":null,"delete_contents_on_destroy":false,"description":"Terraform managed.","effective_labels":{"data_environment":"dev","data_layer":"core","provisioned_by":"terraform"},"friendly_name":null,"labels":{"data_environment":"dev","data_layer":"core","provisioned_by":"terraform"},"location":"europe-west3","max_time_travel_hours":"168","project":"core","terraform_labels":{"data_environment":"dev","data_layer":"core","provisioned_by":"terraform"},"timeouts":null},"after_unknown":{"access":true,"creation_time":true,"default_collation":true,"default_encryption_configuration":[],"effective_labels":{},"etag":true,"id":true,"is_case_insensitive":true,"labels":{},"last_modified_time":true,"self_link":true,"storage_billing_model":true,"terraform_labels":{}},"before_sensitive":false,"after_sensitive":{"access":[],"default_encryption_configuration":[],"effective_labels":{},"labels":{},"terraform_labels":{}}}},{"address":"module.bigquery[\"6\"].google_bigquery_dataset.default","module_address":"module.bigquery[\"6\"]","mode":"managed","type":"google_bigquery_dataset","name":"default","provider_name":"registry.terraform.io/hashicorp/google","change":{"actions":["create"],"before":null,"after":{"dataset_id":"prod","default_encryption_configuration":[],"default_partition_expiration_ms":null,"default_table_expiration_ms":null,"delete_contents_on_destroy":false,"description":"Terraform managed.","effective_labels":{"data_environment":"prod","data_layer":"core","provisioned_by":"terraform"},"friendly_name":null,"labels":{"data_environment":"prod","data_layer":"core","provisioned_by":"terraform"},"location":"europe-west3","max_time_travel_hours":"168","project":"core","terraform_labels":{"data_environment":"prod","data_layer":"core","provisioned_by":"terraform"},"timeouts":null},"after_unknown":{"access":true,"creation_time":true,"default_collation":true,"default_encryption_configuration":[],"effective_labels":{},"etag":true,"id":true,"is_case_insensitive":true,"labels":{},"last_modified_time":true,"self_link":true,"storage_billing_model":true,"terraform_labels":{}},"before_sensitive":false,"after_sensitive":{"access":[],"default_encryption_configuration":[],"effective_labels":{},"labels":{},"terraform_labels":{}}}},{"address":"module.bigquery[\"7\"].google_bigquery_dataset.default","module_address":"module.bigquery[\"7\"]","mode":"managed","type":"google_bigquery_dataset","name":"default","provider_name":"registry.terraform.io/hashicorp/google","change":{"actions":["create"],"before":null,"after":{"dataset_id":"dev","default_encryption_configuration":[],"default_partition_expiration_ms":null,"default_table_expiration_ms":null,"delete_contents_on_destroy":false,"description":"Terraform managed.","effective_labels":{"data_environment":"dev","data_layer":"semantic","provisioned_by":"terraform"},"friendly_name":null,"labels":{"data_environment":"dev","data_layer":"semantic","provisioned_by":"terraform"},"location":"europe-west3","max_time_travel_hours":"168","project":"semantic","terraform_labels":{"data_environment":"dev","data_layer":"semantic","provisioned_by":"terraform"},"timeouts":null},"after_unknown":{"access":true,"creation_time":true,"default_collation":true,"default_encryption_configuration":[],"effective_labels":{},"etag":true,"id":true,"is_case_insensitive":true,"labels":{},"last_modified_time":true,"self_link":true,"storage_billing_model":true,"terraform_labels":{}},"before_sensitive":false,"after_sensitive":{"access":[],"default_encryption_configuration":[],"effective_labels":{},"labels":{},"terraform_labels":{}}}},{"address":"module.bigquery[\"8\"].google_bigquery_dataset.default","module_address":"module.bigquery[\"8\"]","mode":"managed","type":"google_bigquery_dataset","name":"default","provider_name":"registry.terraform.io/hashicorp/google","change":{"actions":["create"],"before":null,"after":{"dataset_id":"uat","default_encryption_configuration":[],"default_partition_expiration_ms":null,"default_table_expiration_ms":null,"delete_contents_on_destroy":false,"description":"Terraform managed.","effective_labels":{"data_environment":"uat","data_layer":"semantic","provisioned_by":"terraform"},"friendly_name":null,"labels":{"data_environment":"uat","data_layer":"semantic","provisioned_by":"terraform"},"location":"europe-west3","max_time_travel_hours":"168","project":"semantic","terraform_labels":{"data_environment":"uat","data_layer":"semantic","provisioned_by":"terraform"},"timeouts":null},"after_unknown":{"access":true,"creation_time":true,"default_collation":true,"default_encryption_configuration":[],"effective_labels":{},"etag":true,"id":true,"is_case_insensitive":true,"labels":{},"last_modified_time":true,"self_link":true,"storage_billing_model":true,"terraform_labels":{}},"before_sensitive":false,"after_sensitive":{"access":[],"default_encryption_configuration":[],"effective_labels":{},"labels":{},"terraform_labels":{}}}},{"address":"module.bigquery[\"9\"].google_bigquery_dataset.default","module_address":"module.bigquery[\"9\"]","mode":"managed","type":"google_bigquery_dataset","name":"default","provider_name":"registry.terraform.io/hashicorp/google","change":{"actions":["create"],"before":null,"after":{"dataset_id":"prod","default_encryption_configuration":[],"default_partition_expiration_ms":null,"default_table_expiration_ms":null,"delete_contents_on_destroy":false,"description":"Terraform managed.","effective_labels":{"data_environment":"prod","data_layer":"semantic","provisioned_by":"terraform"},"friendly_name":null,"labels":{"data_environment":"prod","data_layer":"semantic","provisioned_by":"terraform"},"location":"europe-west3","max_time_travel_hours":"168","project":"semantic","terraform_labels":{"data_environment":"prod","data_layer":"semantic","provisioned_by":"terraform"},"timeouts":null},"after_unknown":{"access":true,"creation_time":true,"default_collation":true,"default_encryption_configuration":[],"effective_labels":{},"etag":true,"id":true,"is_case_insensitive":true,"labels":{},"last_modified_time":true,"self_link":true,"storage_billing_model":true,"terraform_labels":{}},"before_sensitive":false,"after_sensitive":{"access":[],"default_encryption_configuration":[],"effective_labels":{},"labels":{},"terraform_labels":{}}}},{"address":"module.data_layer_projects[\"core\"].google_project.project[0]","module_address":"module.data_layer_projects[\"core\"]","mode":"managed","type":"google_project","name":"project","index":0,"provider_name":"registry.terraform.io/hashicorp/google","change":{"actions":["create"],"before":null,"after":{"auto_create_network":false,"billing_account":"0189FA-E139FD-136A58","folder_id":null,"labels":null,"name":"core","org_id":"1004437788572","project_id":"core","skip_delete":false,"timeouts":null},"after_unknown":{"effective_labels":true,"id":true,"number":true,"terraform_labels":true},"before_sensitive":false,"after_sensitive":{"effective_labels":{},"terraform_labels":{}}}},{"address":"module.data_layer_projects[\"semantic\"].google_project.project[0]","module_address":"module.data_layer_projects[\"semantic\"]","mode":"managed","type":"google_project","name":"project","index":0,"provider_name":"registry.terraform.io/hashicorp/google","change":{"actions":["create"],"before":null,"after":{"auto_create_network":false,"billing_account":"0189FA-E139FD-136A58","folder_id":null,"labels":null,"name":"semantic","org_id":"1004437788572","project_id":"semantic","skip_delete":false,"timeouts":null},"after_unknown":{"effective_labels":true,"id":true,"number":true,"terraform_labels":true},"before_sensitive":false,"after_sensitive":{"effective_labels":{},"terraform_labels":{}}}},{"address":"module.data_layer_projects[\"source\"].google_project.project[0]","module_address":"module.data_layer_projects[\"source\"]","mode":"managed","type":"google_project","name":"project","index":0,"provider_name":"registry.terraform.io/hashicorp/google","change":{"actions":["create"],"before":null,"after":{"auto_create_network":false,"billing_account":"0189FA-E139FD-136A58","folder_id":null,"labels":null,"name":"source","org_id":"1004437788572","project_id":"source","skip_delete":false,"timeouts":null},"after_unknown":{"effective_labels":true,"id":true,"number":true,"terraform_labels":true},"before_sensitive":false,"after_sensitive":{"effective_labels":{},"terraform_labels":{}}}},{"address":"module.data_layer_projects[\"staging\"].google_project.project[0]","module_address":"module.data_layer_projects[\"staging\"]","mode":"managed","type":"google_project","name":"project","index":0,"provider_name":"registry.terraform.io/hashicorp/google","change":{"actions":["create"],"before":null,"after":{"auto_create_network":false,"billing_account":"0189FA-E139FD-136A58","folder_id":null,"labels":null,"name":"staging","org_id":"1004437788572","project_id":"staging","skip_delete":false,"timeouts":null},"after_unknown":{"effective_labels":true,"id":true,"number":true,"terraform_labels":true},"before_sensitive":false,"after_sensitive":{"effective_labels":{},"terraform_labels":{}}}},{"address":"module.tooling_project.google_project.project[0]","module_address":"module.tooling_project","mode":"managed","type":"google_project","name":"project","index":0,"provider_name":"registry.terraform.io/hashicorp/google","change":{"actions":["create"],"before":null,"after":{"auto_create_network":false,"billing_account":"0189FA-E139FD-136A58","folder_id":null,"labels":null,"name":"fast-bi-fabric","org_id":"1004437788572","project_id":"fast-bi-fabric","skip_delete":false,"timeouts":null},"after_unknown":{"effective_labels":true,"id":true,"number":true,"terraform_labels":true},"before_sensitive":false,"after_sensitive":{"effective_labels":{},"terraform_labels":{}}}}],"configuration":{"provider_config":{"google":{"name":"google","full_name":"registry.terraform.io/hashicorp/google"},"google-beta":{"name":"google-beta","full_name":"registry.terraform.io/hashicorp/google-beta","expressions":{"project":{"references":["var.project_id"]},"region":{"references":["var.location"]}}}},"root_module":{"resources":[{"address":"google_composer_environment.tooling","mode":"managed","type":"google_composer_environment","name":"tooling","provider_config_key":"google","expressions":{"name":{"references":["local.config.tooling.project_id","local.config.tooling","local.config"]},"project":{"references":["local.config.tooling.project_id","local.config.tooling","local.config"]},"region":{"references":["local.config.tooling.location","local.config.tooling","local.config"]}},"schema_version":0,"depends_on":["module.tooling_project"]}],"module_calls":{"bigquery":{"source":"github.com/GoogleCloudPlatform/cloud-foundation-fabric/modules/bigquery-dataset","expressions":{"id":{"references":["each.value[\"dataset_id\"]","each.value"]},"labels":{"references":["each.value[\"project\"]","each.value","each.value[\"dataset_id\"]","each.value"]},"location":{"references":["each.value[\"location\"]","each.value"]},"project_id":{"references":["each.value[\"project\"]","each.value"]}},"for_each_expression":{"references":["local.config[\"layers\"]","local.config"]},"module":{"outputs":{"dataset":{"expression":{"references":["google_bigquery_dataset.default"]},"description":"Dataset resource."},"dataset_id":{"expression":{"references":["google_bigquery_dataset.default.dataset_id","google_bigquery_dataset.default"]},"depends_on":["google_bigquery_dataset_access.authorized_datasets","google_bigquery_dataset_access.authorized_routines","google_bigquery_dataset_access.authorized_views","google_bigquery_dataset_access.domain","google_bigquery_dataset_access.group_by_email","google_bigquery_dataset_access.special_group","google_bigquery_dataset_access.user_by_email"],"description":"Dataset id."},"id":{"expression":{"references":["google_bigquery_dataset.default.id","google_bigquery_dataset.default"]},"depends_on":["google_bigquery_dataset_access.authorized_datasets","google_bigquery_dataset_access.authorized_routines","google_bigquery_dataset_access.authorized_views","google_bigquery_dataset_access.domain","google_bigquery_dataset_access.group_by_email","google_bigquery_dataset_access.special_group","google_bigquery_dataset_access.user_by_email"],"description":"Fully qualified dataset id."},"materialized_view_ids":{"expression":{"references":["google_bigquery_table.materialized_view"]},"description":"Map of fully qualified materialized view ids keyed by view ids."},"materialized_views":{"expression":{"references":["google_bigquery_table.materialized_view"]},"description":"Materialized view resources."},"self_link":{"expression":{"references":["google_bigquery_dataset.default.self_link","google_bigquery_dataset.default"]},"depends_on":["google_bigquery_dataset_access.authorized_datasets","google_bigquery_dataset_access.authorized_routines","google_bigquery_dataset_access.authorized_views","google_bigquery_dataset_access.domain","google_bigquery_dataset_access.group_by_email","google_bigquery_dataset_access.special_group","google_bigquery_dataset_access.user_by_email"],"description":"Dataset self link."},"table_ids":{"expression":{"references":["google_bigquery_table.default"]},"description":"Map of fully qualified table ids keyed by table ids."},"tables":{"expression":{"references":["google_bigquery_table.default"]},"description":"Table resources."},"view_ids":{"expression":{"references":["google_bigquery_table.views"]},"description":"Map of fully qualified view ids keyed by view ids."},"views":{"expression":{"references":["google_bigquery_table.views"]},"description":"View resources."}},"resources":[{"address":"google_bigquery_dataset.default","mode":"managed","type":"google_bigquery_dataset","name":"default","provider_config_key":"google","expressions":{"dataset_id":{"references":["var.id"]},"default_collation":{"references":["var.options.default_collation","var.options"]},"default_partition_expiration_ms":{"references":["var.options.default_partition_expiration_ms","var.options"]},"default_table_expiration_ms":{"references":["var.options.default_table_expiration_ms","var.options"]},"delete_contents_on_destroy":{"references":["var.options.delete_contents_on_destroy","var.options"]},"description":{"references":["var.description"]},"friendly_name":{"references":["var.friendly_name"]},"is_case_insensitive":{"references":["var.options.is_case_insensitive","var.options"]},"labels":{"references":["var.labels"]},"location":{"references":["var.location"]},"max_time_travel_hours":{"references":["var.options.max_time_travel_hours","var.options"]},"project":{"references":["var.project_id"]},"storage_billing_model":{"references":["var.options.storage_billing_model","var.options"]}},"schema_version":0},{"address":"google_bigquery_dataset_access.authorized_datasets","mode":"managed","type":"google_bigquery_dataset_access","name":"authorized_datasets","provider_config_key":"google","expressions":{"dataset":[{"dataset":[{"dataset_id":{"references":["each.value.dataset_id","each.value"]},"project_id":{"references":["each.value.project_id","each.value"]}}],"target_types":{"constant_value":["VIEWS"]}}],"dataset_id":{"references":["google_bigquery_dataset.default.dataset_id","google_bigquery_dataset.default"]},"project":{"references":["var.project_id"]}},"schema_version":0,"for_each_expression":{"references":["var.dataset_access","local.authorized_datasets"]}},{"address":"google_bigquery_dataset_access.authorized_routines","mode":"managed","type":"google_bigquery_dataset_access","name":"authorized_routines","provider_config_key":"google","expressions":{"dataset_id":{"references":["google_bigquery_dataset.default.dataset_id","google_bigquery_dataset.default"]},"project":{"references":["var.project_id"]},"routine":[{"dataset_id":{"references":["each.value.dataset_id","each.value"]},"project_id":{"references":["each.value.project_id","each.value"]},"routine_id":{"references":["each.value.routine_id","each.value"]}}]},"schema_version":0,"for_each_expression":{"references":["var.dataset_access","local.authorized_routines"]}},{"address":"google_bigquery_dataset_access.authorized_views","mode":"managed","type":"google_bigquery_dataset_access","name":"authorized_views","provider_config_key":"google","expressions":{"dataset_id":{"references":["google_bigquery_dataset.default.dataset_id","google_bigquery_dataset.default"]},"project":{"references":["var.project_id"]},"view":[{"dataset_id":{"references":["each.value.dataset_id","each.value"]},"project_id":{"references":["each.value.project_id","each.value"]},"table_id":{"references":["each.value.table_id","each.value"]}}]},"schema_version":0,"for_each_expression":{"references":["var.dataset_access","local.authorized_views"]}},{"address":"google_bigquery_dataset_access.domain","mode":"managed","type":"google_bigquery_dataset_access","name":"domain","provider_config_key":"google-beta","expressions":{"dataset_id":{"references":["google_bigquery_dataset.default.dataset_id","google_bigquery_dataset.default"]},"domain":{"references":["var.access_identities","each.key"]},"project":{"references":["var.project_id"]},"role":{"references":["each.value.role","each.value"]}},"schema_version":0,"for_each_expression":{"references":["var.dataset_access","local.access_domain"]}},{"address":"google_bigquery_dataset_access.group_by_email","mode":"managed","type":"google_bigquery_dataset_access","name":"group_by_email","provider_config_key":"google-beta","expressions":{"dataset_id":{"references":["google_bigquery_dataset.default.dataset_id","google_bigquery_dataset.default"]},"group_by_email":{"references":["var.access_identities","each.key"]},"project":{"references":["var.project_id"]},"role":{"references":["each.value.role","each.value"]}},"schema_version":0,"for_each_expression":{"references":["var.dataset_access","local.access_group"]}},{"address":"google_bigquery_dataset_access.special_group","mode":"managed","type":"google_bigquery_dataset_access","name":"special_group","provider_config_key":"google-beta","expressions":{"dataset_id":{"references":["google_bigquery_dataset.default.dataset_id","google_bigquery_dataset.default"]},"project":{"references":["var.project_id"]},"role":{"references":["each.value.role","each.value"]},"special_group":{"references":["var.access_identities","each.key"]}},"schema_version":0,"for_each_expression":{"references":["var.dataset_access","local.access_special"]}},{"address":"google_bigquery_dataset_access.user_by_email","mode":"managed","type":"google_bigquery_dataset_access","name":"user_by_email","provider_config_key":"google-beta","expressions":{"dataset_id":{"references":["google_bigquery_dataset.default.dataset_id","google_bigquery_dataset.default"]},"project":{"references":["var.project_id"]},"role":{"references":["each.value.role","each.value"]},"user_by_email":{"references":["var.access_identities","each.key"]}},"schema_version":0,"for_each_expression":{"references":["var.dataset_access","local.access_user"]}},{"address":"google_bigquery_dataset_iam_binding.bindings","mode":"managed","type":"google_bigquery_dataset_iam_binding","name":"bindings","provider_config_key":"google","expressions":{"dataset_id":{"references":["google_bigquery_dataset.default.dataset_id","google_bigquery_dataset.default"]},"members":{"references":["each.value"]},"project":{"references":["var.project_id"]},"role":{"references":["each.key"]}},"schema_version":0,"for_each_expression":{"references":["var.iam"]}},{"address":"google_bigquery_table.default","mode":"managed","type":"google_bigquery_table","name":"default","provider_config_key":"google-beta","expressions":{"clustering":{"references":["each.value.options.clustering","each.value.options","each.value"]},"dataset_id":{"references":["google_bigquery_dataset.default.dataset_id","google_bigquery_dataset.default"]},"deletion_protection":{"references":["each.value.deletion_protection","each.value"]},"description":{"references":["each.value.description","each.value"]},"expiration_time":{"references":["each.value.options.expiration_time","each.value.options","each.value"]},"friendly_name":{"references":["each.value.friendly_name","each.value"]},"labels":{"references":["each.value.labels","each.value"]},"project":{"references":["var.project_id"]},"schema":{"references":["each.value.schema","each.value"]},"table_id":{"references":["each.key"]}},"schema_version":0,"for_each_expression":{"references":["var.tables"]}},{"address":"google_bigquery_table.materialized_view","mode":"managed","type":"google_bigquery_table","name":"materialized_view","provider_config_key":"google","expressions":{"clustering":{"references":["each.value.options.clustering","each.value.options","each.value"]},"dataset_id":{"references":["google_bigquery_dataset.default.dataset_id","google_bigquery_dataset.default"]},"deletion_protection":{"references":["each.value.deletion_protection","each.value"]},"description":{"references":["each.value.description","each.value"]},"expiration_time":{"references":["each.value.options.expiration_time","each.value.options","each.value"]},"friendly_name":{"references":["each.value.friendly_name","each.value"]},"labels":{"references":["each.value.labels","each.value"]},"materialized_view":[{"allow_non_incremental_definition":{"references":["each.value.allow_non_incremental_definition","each.value"]},"enable_refresh":{"references":["each.value.enable_refresh","each.value"]},"query":{"references":["each.value.query","each.value"]},"refresh_interval_ms":{"references":["each.value.refresh_interval_ms","each.value"]}}],"project":{"references":["var.project_id"]},"table_id":{"references":["each.key"]}},"schema_version":0,"for_each_expression":{"references":["var.materialized_views"]},"depends_on":["google_bigquery_table.default"]},{"address":"google_bigquery_table.views","mode":"managed","type":"google_bigquery_table","name":"views","provider_config_key":"google","expressions":{"dataset_id":{"references":["google_bigquery_dataset.default.dataset_id","google_bigquery_dataset.default"]},"deletion_protection":{"references":["each.value.deletion_protection","each.value"]},"description":{"references":["each.value.description","each.value"]},"friendly_name":{"references":["each.value.friendly_name","each.value"]},"labels":{"references":["each.value.labels","each.value"]},"project":{"references":["var.project_id"]},"table_id":{"references":["each.key"]},"view":[{"query":{"references":["each.value.query","each.value"]},"use_legacy_sql":{"references":["each.value.use_legacy_sql","each.value"]}}]},"schema_version":0,"for_each_expression":{"references":["var.views"]},"depends_on":["google_bigquery_table.default"]}],"variables":{"access":{"default":{},"description":"Map of access rules with role and identity type. Keys are arbitrary and must match those in the `access_identities` variable, types are `domain`, `group`, `special_group`, `user`, `view`."},"access_identities":{"default":{},"description":"Map of access identities used for basic access roles. View identities have the format 'project_id|dataset_id|table_id'."},"authorized_datasets":{"default":[],"description":"An array of datasets to be authorized on the dataset."},"authorized_routines":{"default":[],"description":"An array of authorized routine to be authorized on the dataset."},"authorized_views":{"default":[],"description":"An array of views to be authorized on the dataset."},"dataset_access":{"default":false,"description":"Set access in the dataset resource instead of using separate resources."},"description":{"default":"Terraform managed.","description":"Optional description."},"encryption_key":{"default":null,"description":"Self link of the KMS key that will be used to protect destination table."},"friendly_name":{"default":null,"description":"Dataset friendly name."},"iam":{"default":{},"description":"IAM bindings in {ROLE =\u003e [MEMBERS]} format. Mutually exclusive with the access_* variables used for basic roles."},"id":{"description":"Dataset id."},"labels":{"default":{},"description":"Dataset labels."},"location":{"default":"EU","description":"Dataset location."},"materialized_views":{"default":{},"description":"Materialized views definitions."},"options":{"default":{"default_collation":null,"default_partition_expiration_ms":null,"default_table_expiration_ms":null,"delete_contents_on_destroy":false,"is_case_insensitive":null,"max_time_travel_hours":168,"storage_billing_model":null},"description":"Dataset options."},"project_id":{"description":"Id of the project where datasets will be created."},"tables":{"default":{},"description":"Table definitions. Options and partitioning default to null. Partitioning can only use `range` or `time`, set the unused one to null."},"views":{"default":{},"description":"View definitions."}}},"depends_on":["module.data_layer_projects"]},"data_layer_projects":{"source":"github.com/GoogleCloudPlatform/cloud-foundation-fabric/modules/project","expressions":{"billing_account":{"references":["local.config.general_settings.layers_billing_account","local.config.general_settings","local.config"]},"name":{"references":["each.value.name","each.value"]},"parent":{"references":["local.config.general_settings.layers_parent_folder","local.config.general_settings","local.config"]}},"for_each_expression":{"references":["local.layers"]},"module":{"outputs":{"custom_roles":{"expression":{"references":["google_project_iam_custom_role.roles"]},"description":"Ids of the created custom roles."},"id":{"expression":{"references":["local.prefix","var.name"]},"depends_on":["google_project.project","data.google_project.project","google_org_policy_policy.default","google_project_service.project_services","google_compute_shared_vpc_host_project.shared_vpc_host","google_compute_shared_vpc_service_project.shared_vpc_service","google_compute_shared_vpc_service_project.service_projects","google_project_iam_member.shared_vpc_host_robots","google_kms_crypto_key_iam_member.service_identity_cmek","google_project_service_identity.jit_si","google_project_service_identity.servicenetworking","google_project_iam_member.servicenetworking"],"description":"Project id."},"name":{"expression":{"references":["local.project.name","local.project"]},"depends_on":["google_org_policy_policy.default","google_project_service.project_services","google_compute_shared_vpc_service_project.service_projects","google_project_iam_member.shared_vpc_host_robots","google_kms_crypto_key_iam_member.service_identity_cmek"],"description":"Project name."},"number":{"expression":{"references":["local.project.number","local.project"]},"depends_on":["google_org_policy_policy.default","google_project_service.project_services","google_compute_shared_vpc_host_project.shared_vpc_host","google_compute_shared_vpc_service_project.shared_vpc_service","google_compute_shared_vpc_service_project.service_projects","google_project_iam_member.shared_vpc_host_robots","google_kms_crypto_key_iam_member.service_identity_cmek","google_project_service_identity.jit_si","google_project_service_identity.servicenetworking","google_project_iam_member.servicenetworking"],"description":"Project number."},"project_id":{"expression":{"references":["local.prefix","var.name"]},"depends_on":["google_project.project","data.google_project.project","google_org_policy_policy.default","google_project_service.project_services","google_compute_shared_vpc_host_project.shared_vpc_host","google_compute_shared_vpc_service_project.shared_vpc_service","google_compute_shared_vpc_service_project.service_projects","google_project_iam_member.shared_vpc_host_robots","google_kms_crypto_key_iam_member.service_identity_cmek","google_project_service_identity.jit_si","google_project_service_identity.servicenetworking","google_project_iam_member.servicenetworking"],"description":"Project id."},"service_accounts":{"expression":{"references":["local.service_account_cloud_services","local.service_accounts_default","local.service_accounts_robots"]},"depends_on":["google_project_service.project_services","google_kms_crypto_key_iam_member.service_identity_cmek","google_project_service_identity.jit_si","data.google_bigquery_default_service_account.bq_sa","data.google_storage_project_service_account.gcs_sa"],"description":"Product robot service accounts in project."},"services":{"expression":{"references":["var.services"]},"depends_on":["google_project_service.project_services","google_project_service_identity.jit_si"],"description":"Service APIs to enabled in the project."},"sink_writer_identities":{"expression":{"references":["google_logging_project_sink.sink"]},"description":"Writer identities created for each sink."}},"resources":[{"address":"google_access_context_manager_service_perimeter_resource.bridge","mode":"managed","type":"google_access_context_manager_service_perimeter_resource","name":"bridge","provider_config_key":"google","expressions":{"perimeter_name":{"references":["each.value"]},"resource":{"references":["local.project.number","local.project"]}},"schema_version":0,"for_each_expression":{"references":["var.service_perimeter_bridges","var.service_perimeter_bridges"]}},{"address":"google_access_context_manager_service_perimeter_resource.standard","mode":"managed","type":"google_access_context_manager_service_perimeter_resource","name":"standard","provider_config_key":"google","expressions":{"perimeter_name":{"references":["var.service_perimeter_standard"]},"resource":{"references":["local.project.number","local.project"]}},"schema_version":0,"count_expression":{"references":["var.service_perimeter_standard"]}},{"address":"google_bigquery_dataset_iam_member.bq-sinks-binding","mode":"managed","type":"google_bigquery_dataset_iam_member","name":"bq-sinks-binding","provider_config_key":"google","expressions":{"dataset_id":{"references":["each.value.destination","each.value"]},"member":{"references":["google_logging_project_sink.sink","each.key"]},"project":{"references":["each.value.destination","each.value"]},"role":{"constant_value":"roles/bigquery.dataEditor"}},"schema_version":0,"for_each_expression":{"references":["local.sink_bindings[\"bigquery\"]","local.sink_bindings"]}},{"address":"google_compute_project_metadata_item.default","mode":"managed","type":"google_compute_project_metadata_item","name":"default","provider_config_key":"google","expressions":{"key":{"references":["each.key"]},"project":{"references":["local.project.project_id","local.project"]},"value":{"references":["each.value"]}},"schema_version":0,"for_each_expression":{"references":["var.services","var.compute_metadata"]},"depends_on":["google_project_service.project_services"]},{"address":"google_compute_shared_vpc_host_project.shared_vpc_host","mode":"managed","type":"google_compute_shared_vpc_host_project","name":"shared_vpc_host","provider_config_key":"google-beta","expressions":{"project":{"references":["local.project.project_id","local.project"]}},"schema_version":0,"count_expression":{"references":["local.svpc_host_config.enabled","local.svpc_host_config"]},"depends_on":["google_project_service.project_services"]},{"address":"google_compute_shared_vpc_service_project.service_projects","mode":"managed","type":"google_compute_shared_vpc_service_project","name":"service_projects","provider_config_key":"google-beta","expressions":{"host_project":{"references":["local.project.project_id","local.project"]},"service_project":{"references":["each.value"]}},"schema_version":0,"for_each_expression":{"references":["local.svpc_host_config.service_projects","local.svpc_host_config"]},"depends_on":["google_compute_shared_vpc_host_project.shared_vpc_host"]},{"address":"google_compute_shared_vpc_service_project.shared_vpc_service","mode":"managed","type":"google_compute_shared_vpc_service_project","name":"shared_vpc_service","provider_config_key":"google-beta","expressions":{"host_project":{"references":["var.shared_vpc_service_config.host_project","var.shared_vpc_service_config"]},"service_project":{"references":["local.project.project_id","local.project"]}},"schema_version":0,"count_expression":{"references":["var.shared_vpc_service_config.host_project","var.shared_vpc_service_config"]}},{"address":"google_essential_contacts_contact.contact","mode":"managed","type":"google_essential_contacts_contact","name":"contact","provider_config_key":"google-beta","expressions":{"email":{"references":["each.key"]},"language_tag":{"constant_value":"en"},"notification_category_subscriptions":{"references":["each.value"]},"parent":{"references":["local.project.project_id","local.project"]}},"schema_version":0,"for_each_expression":{"references":["var.contacts"]}},{"address":"google_kms_crypto_key_iam_member.service_identity_cmek","mode":"managed","type":"google_kms_crypto_key_iam_member","name":"service_identity_cmek","provider_config_key":"google","expressions":{"crypto_key_id":{"references":["each.value.key","each.value"]},"member":{"references":["local.service_accounts_robots","each.value.service","each.value"]},"role":{"constant_value":"roles/cloudkms.cryptoKeyEncrypterDecrypter"}},"schema_version":0,"for_each_expression":{"references":["local.service_accounts_cmek_service_keys"]},"depends_on":["google_project.project","google_project_service.project_services","google_project_service_identity.jit_si","data.google_bigquery_default_service_account.bq_sa","data.google_project.project","data.google_storage_project_service_account.gcs_sa"]},{"address":"google_logging_project_exclusion.logging-exclusion","mode":"managed","type":"google_logging_project_exclusion","name":"logging-exclusion","provider_config_key":"google","expressions":{"description":{"references":["each.key"]},"filter":{"references":["each.value"]},"name":{"references":["each.key"]},"project":{"references":["local.project.project_id","local.project"]}},"schema_version":0,"for_each_expression":{"references":["var.logging_exclusions"]}},{"address":"google_logging_project_sink.sink","mode":"managed","type":"google_logging_project_sink","name":"sink","provider_config_key":"google","expressions":{"description":{"references":["each.value.description","each.value","each.key"]},"destination":{"references":["each.value.type","each.value","each.value.destination","each.value"]},"disabled":{"references":["each.value.disabled","each.value"]},"filter":{"references":["each.value.filter","each.value"]},"name":{"references":["each.key"]},"project":{"references":["local.project.project_id","local.project"]},"unique_writer_identity":{"references":["each.value.unique_writer","each.value"]}},"schema_version":0,"for_each_expression":{"references":["var.logging_sinks"]},"depends_on":["google_project_iam_binding.authoritative","google_project_iam_binding.bindings","google_project_iam_member.bindings","google_project_service.project_services"]},{"address":"google_monitoring_monitored_project.primary","mode":"managed","type":"google_monitoring_monitored_project","name":"primary","provider_config_key":"google-beta","expressions":{"metrics_scope":{"references":["each.value"]},"name":{"references":["local.project.project_id","local.project"]}},"schema_version":1,"for_each_expression":{"references":["var.metric_scopes"]}},{"address":"google_org_policy_policy.default","mode":"managed","type":"google_org_policy_policy","name":"default","provider_config_key":"google","expressions":{"name":{"references":["each.value.name","each.value"]},"parent":{"references":["each.value.parent","each.value"]},"spec":[{"inherit_from_parent":{"references":["each.value.inherit_from_parent","each.value"]},"reset":{"references":["each.value.reset","each.value"]}}]},"schema_version":0,"for_each_expression":{"references":["local.org_policies"]}},{"address":"google_project.project","mode":"managed","type":"google_project","name":"project","provider_config_key":"google","expressions":{"auto_create_network":{"references":["var.auto_create_network"]},"billing_account":{"references":["var.billing_account"]},"folder_id":{"references":["local.parent_type","local.parent_id"]},"labels":{"references":["var.labels"]},"name":{"references":["local.descriptive_name"]},"org_id":{"references":["local.parent_type","local.parent_id"]},"project_id":{"references":["local.prefix","var.name"]},"skip_delete":{"references":["var.skip_delete"]}},"schema_version":1,"count_expression":{"references":["var.project_create"]}},{"address":"google_project_default_service_accounts.default_service_accounts","mode":"managed","type":"google_project_default_service_accounts","name":"default_service_accounts","provider_config_key":"google","expressions":{"action":{"references":["var.default_service_account"]},"project":{"references":["local.project.project_id","local.project"]},"restore_policy":{"constant_value":"REVERT_AND_IGNORE_FAILURE"}},"schema_version":0,"count_expression":{"references":["var.default_service_account"]},"depends_on":["google_project_service.project_services"]},{"address":"google_project_iam_audit_config.default","mode":"managed","type":"google_project_iam_audit_config","name":"default","provider_config_key":"google","expressions":{"project":{"references":["local.project.project_id","local.project"]},"service":{"references":["each.key"]}},"schema_version":0,"for_each_expression":{"references":["var.logging_data_access"]}},{"address":"google_project_iam_binding.authoritative","mode":"managed","type":"google_project_iam_binding","name":"authoritative","provider_config_key":"google","expressions":{"members":{"references":["each.value"]},"project":{"references":["local.project.project_id","local.project"]},"role":{"references":["each.key"]}},"schema_version":0,"for_each_expression":{"references":["local.iam"]},"depends_on":["google_project_service.project_services","google_project_iam_custom_role.roles"]},{"address":"google_project_iam_binding.bindings","mode":"managed","type":"google_project_iam_binding","name":"bindings","provider_config_key":"google","expressions":{"members":{"references":["each.value.members","each.value"]},"project":{"references":["local.project.project_id","local.project"]},"role":{"references":["each.value.role","each.value"]}},"schema_version":0,"for_each_expression":{"references":["var.iam_bindings"]},"depends_on":["google_project_service.project_services","google_project_iam_custom_role.roles"]},{"address":"google_project_iam_custom_role.roles","mode":"managed","type":"google_project_iam_custom_role","name":"roles","provider_config_key":"google","expressions":{"description":{"constant_value":"Terraform-managed."},"permissions":{"references":["each.value"]},"project":{"references":["local.project.project_id","local.project"]},"role_id":{"references":["each.key"]},"title":{"references":["each.key"]}},"schema_version":0,"for_each_expression":{"references":["var.custom_roles"]}},{"address":"google_project_iam_member.bindings","mode":"managed","type":"google_project_iam_member","name":"bindings","provider_config_key":"google","expressions":{"member":{"references":["each.value.member","each.value"]},"project":{"references":["local.project.project_id","local.project"]},"role":{"references":["each.value.role","each.value"]}},"schema_version":0,"for_each_expression":{"references":["var.iam_bindings_additive"]},"depends_on":["google_project_service.project_services","google_project_iam_custom_role.roles"]},{"address":"google_project_iam_member.bucket-sinks-binding","mode":"managed","type":"google_project_iam_member","name":"bucket-sinks-binding","provider_config_key":"google","expressions":{"condition":[{"description":{"references":["google_logging_project_sink.sink","each.key","each.key","local.project.project_id","local.project"]},"expression":{"references":["each.value.destination","each.value"]},"title":{"references":["each.key"]}}],"member":{"references":["google_logging_project_sink.sink","each.key"]},"project":{"references":["each.value.destination","each.value"]},"role":{"constant_value":"roles/logging.bucketWriter"}},"schema_version":0,"for_each_expression":{"references":["local.sink_bindings[\"logging\"]","local.sink_bindings"]}},{"address":"google_project_iam_member.servicenetworking","mode":"managed","type":"google_project_iam_member","name":"servicenetworking","provider_config_key":"google","expressions":{"member":{"references":["google_project_service_identity.servicenetworking[0].email","google_project_service_identity.servicenetworking[0]","google_project_service_identity.servicenetworking"]},"project":{"references":["local.project.project_id","local.project"]},"role":{"constant_value":"roles/servicenetworking.serviceAgent"}},"schema_version":0,"count_expression":{"references":["var.services"]}},{"address":"google_project_iam_member.shared_vpc_host_robots","mode":"managed","type":"google_project_iam_member","name":"shared_vpc_host_robots","provider_config_key":"google","expressions":{"member":{"references":["each.value.service","each.value","local.service_account_cloud_services","local.service_accounts_robots","each.value.service","each.value"]},"project":{"references":["var.shared_vpc_service_config.host_project","var.shared_vpc_service_config"]},"role":{"references":["each.value.role","each.value"]}},"schema_version":0,"for_each_expression":{"references":["local.svpc_service_iam"]},"depends_on":["google_project_service.project_services","google_project_service_identity.servicenetworking","google_project_service_identity.jit_si","google_project_default_service_accounts.default_service_accounts","data.google_bigquery_default_service_account.bq_sa","data.google_storage_project_service_account.gcs_sa"]},{"address":"google_project_service.project_services","mode":"managed","type":"google_project_service","name":"project_services","provider_config_key":"google","expressions":{"disable_dependent_services":{"references":["var.service_config.disable_dependent_services","var.service_config"]},"disable_on_destroy":{"references":["var.service_config.disable_on_destroy","var.service_config"]},"project":{"references":["local.project.project_id","local.project"]},"service":{"references":["each.value"]}},"schema_version":0,"for_each_expression":{"references":["var.services"]}},{"address":"google_project_service_identity.jit_si","mode":"managed","type":"google_project_service_identity","name":"jit_si","provider_config_key":"google-beta","expressions":{"project":{"references":["local.project.project_id","local.project"]},"service":{"references":["each.value"]}},"schema_version":0,"for_each_expression":{"references":["var.services","local.service_accounts_jit_services"]},"depends_on":["google_project_service.project_services"]},{"address":"google_project_service_identity.servicenetworking","mode":"managed","type":"google_project_service_identity","name":"servicenetworking","provider_config_key":"google-beta","expressions":{"project":{"references":["local.project.project_id","local.project"]},"service":{"constant_value":"servicenetworking.googleapis.com"}},"schema_version":0,"count_expression":{"references":["var.services"]},"depends_on":["google_project_service.project_services"]},{"address":"google_pubsub_topic_iam_member.pubsub-sinks-binding","mode":"managed","type":"google_pubsub_topic_iam_member","name":"pubsub-sinks-binding","provider_config_key":"google","expressions":{"member":{"references":["google_logging_project_sink.sink","each.key"]},"project":{"references":["each.value.destination","each.value"]},"role":{"constant_value":"roles/pubsub.publisher"},"topic":{"references":["each.value.destination","each.value"]}},"schema_version":0,"for_each_expression":{"references":["local.sink_bindings[\"pubsub\"]","local.sink_bindings"]}},{"address":"google_resource_manager_lien.lien","mode":"managed","type":"google_resource_manager_lien","name":"lien","provider_config_key":"google","expressions":{"origin":{"constant_value":"created-by-terraform"},"parent":{"references":["local.project.number","local.project"]},"reason":{"references":["var.lien_reason"]},"restrictions":{"constant_value":["resourcemanager.projects.delete"]}},"schema_version":0,"count_expression":{"references":["var.lien_reason"]}},{"address":"google_storage_bucket_iam_member.gcs-sinks-binding","mode":"managed","type":"google_storage_bucket_iam_member","name":"gcs-sinks-binding","provider_config_key":"google","expressions":{"bucket":{"references":["each.value.destination","each.value"]},"member":{"references":["google_logging_project_sink.sink","each.key"]},"role":{"constant_value":"roles/storage.objectCreator"}},"schema_version":0,"for_each_expression":{"references":["local.sink_bindings[\"storage\"]","local.sink_bindings"]}},{"address":"google_tags_tag_binding.binding","mode":"managed","type":"google_tags_tag_binding","name":"binding","provider_config_key":"google","expressions":{"parent":{"references":["local.project.number","local.project"]},"tag_value":{"references":["each.value"]}},"schema_version":0,"for_each_expression":{"references":["var.tag_bindings"]}},{"address":"data.google_bigquery_default_service_account.bq_sa","mode":"data","type":"google_bigquery_default_service_account","name":"bq_sa","provider_config_key":"google","expressions":{"project":{"references":["local.project.project_id","local.project"]}},"schema_version":0,"count_expression":{"references":["var.services"]},"depends_on":["google_project_service.project_services"]},{"address":"data.google_project.project","mode":"data","type":"google_project","name":"project","provider_config_key":"google","expressions":{"project_id":{"references":["local.prefix","var.name"]}},"schema_version":0,"count_expression":{"references":["var.project_create"]}},{"address":"data.google_storage_project_service_account.gcs_sa","mode":"data","type":"google_storage_project_service_account","name":"gcs_sa","provider_config_key":"google","expressions":{"project":{"references":["local.project.project_id","local.project"]}},"schema_version":0,"count_expression":{"references":["var.services"]},"depends_on":["google_project_service.project_services"]}],"variables":{"auto_create_network":{"default":false,"description":"Whether to create the default network for the project."},"billing_account":{"default":null,"description":"Billing account id."},"compute_metadata":{"default":{},"description":"Optional compute metadata key/values. Only usable if compute API has been enabled."},"contacts":{"default":{},"description":"List of essential contacts for this resource. Must be in the form EMAIL -\u003e [NOTIFICATION_TYPES]. Valid notification types are ALL, SUSPENSION, SECURITY, TECHNICAL, BILLING, LEGAL, PRODUCT_UPDATES."},"custom_roles":{"default":{},"description":"Map of role name =\u003e list of permissions to create in this project."},"default_service_account":{"default":"keep","description":"Project default service account setting: can be one of `delete`, `deprivilege`, `disable`, or `keep`."},"descriptive_name":{"default":null,"description":"Name of the project name. Used for project name instead of `name` variable."},"group_iam":{"default":{},"description":"Authoritative IAM binding for organization groups, in {GROUP_EMAIL =\u003e [ROLES]} format. Group emails need to be static. Can be used in combination with the `iam` variable."},"iam":{"default":{},"description":"Authoritative IAM bindings in {ROLE =\u003e [MEMBERS]} format."},"iam_bindings":{"default":{},"description":"Authoritative IAM bindings in {KEY =\u003e {role = ROLE, members = [], condition = {}}}. Keys are arbitrary."},"iam_bindings_additive":{"default":{},"description":"Individual additive IAM bindings. Keys are arbitrary."},"labels":{"default":{},"description":"Resource labels."},"lien_reason":{"default":null,"description":"If non-empty, creates a project lien with this description."},"logging_data_access":{"default":{},"description":"Control activation of data access logs. Format is service =\u003e { log type =\u003e [exempted members]}. The special 'allServices' key denotes configuration for all services."},"logging_exclusions":{"default":{},"description":"Logging exclusions for this project in the form {NAME -\u003e FILTER}."},"logging_sinks":{"default":{},"description":"Logging sinks to create for this project."},"metric_scopes":{"default":[],"description":"List of projects that will act as metric scopes for this project."},"name":{"description":"Project name and id suffix."},"org_policies":{"default":{},"description":"Organization policies applied to this project keyed by policy name."},"org_policies_data_path":{"default":null,"description":"Path containing org policies in YAML format."},"parent":{"default":null,"description":"Parent folder or organization in 'folders/folder_id' or 'organizations/org_id' format."},"prefix":{"default":null,"description":"Optional prefix used to generate project id and name."},"project_create":{"default":true,"description":"Create project. When set to false, uses a data source to reference existing project."},"service_config":{"default":{"disable_dependent_services":false,"disable_on_destroy":false},"description":"Configure service API activation."},"service_encryption_key_ids":{"default":{},"description":"Cloud KMS encryption key in {SERVICE =\u003e [KEY_URL]} format."},"service_perimeter_bridges":{"default":null,"description":"Name of VPC-SC Bridge perimeters to add project into. See comment in the variables file for format."},"service_perimeter_standard":{"default":null,"description":"Name of VPC-SC Standard perimeter to add project into. See comment in the variables file for format."},"services":{"default":[],"description":"Service APIs to enable."},"shared_vpc_host_config":{"default":null,"description":"Configures this project as a Shared VPC host project (mutually exclusive with shared_vpc_service_project)."},"shared_vpc_service_config":{"default":{"host_project":null,"service_iam_grants":[],"service_identity_iam":{}},"description":"Configures this project as a Shared VPC service project (mutually exclusive with shared_vpc_host_config)."},"skip_delete":{"default":false,"description":"Allows the underlying resources to be destroyed without destroying the project itself."},"tag_bindings":{"default":null,"description":"Tag bindings for this project, in key =\u003e tag value id format."}}},"depends_on":["module.tooling_project"]},"tooling_project":{"source":"github.com/GoogleCloudPlatform/cloud-foundation-fabric/modules/project","expressions":{"billing_account":{"references":["local.config.general_settings.tooling_billing_account","local.config.general_settings","local.config"]},"name":{"references":["local.config.tooling.project_id","local.config.tooling","local.config"]},"parent":{"references":["local.config.general_settings.tooling_parent_folder","local.config.general_settings","local.config"]}},"module":{"outputs":{"custom_roles":{"expression":{"references":["google_project_iam_custom_role.roles"]},"description":"Ids of the created custom roles."},"id":{"expression":{"references":["local.prefix","var.name"]},"depends_on":["google_project.project","data.google_project.project","google_org_policy_policy.default","google_project_service.project_services","google_compute_shared_vpc_host_project.shared_vpc_host","google_compute_shared_vpc_service_project.shared_vpc_service","google_compute_shared_vpc_service_project.service_projects","google_project_iam_member.shared_vpc_host_robots","google_kms_crypto_key_iam_member.service_identity_cmek","google_project_service_identity.jit_si","google_project_service_identity.servicenetworking","google_project_iam_member.servicenetworking"],"description":"Project id."},"name":{"expression":{"references":["local.project.name","local.project"]},"depends_on":["google_org_policy_policy.default","google_project_service.project_services","google_compute_shared_vpc_service_project.service_projects","google_project_iam_member.shared_vpc_host_robots","google_kms_crypto_key_iam_member.service_identity_cmek"],"description":"Project name."},"number":{"expression":{"references":["local.project.number","local.project"]},"depends_on":["google_org_policy_policy.default","google_project_service.project_services","google_compute_shared_vpc_host_project.shared_vpc_host","google_compute_shared_vpc_service_project.shared_vpc_service","google_compute_shared_vpc_service_project.service_projects","google_project_iam_member.shared_vpc_host_robots","google_kms_crypto_key_iam_member.service_identity_cmek","google_project_service_identity.jit_si","google_project_service_identity.servicenetworking","google_project_iam_member.servicenetworking"],"description":"Project number."},"project_id":{"expression":{"references":["local.prefix","var.name"]},"depends_on":["google_project.project","data.google_project.project","google_org_policy_policy.default","google_project_service.project_services","google_compute_shared_vpc_host_project.shared_vpc_host","google_compute_shared_vpc_service_project.shared_vpc_service","google_compute_shared_vpc_service_project.service_projects","google_project_iam_member.shared_vpc_host_robots","google_kms_crypto_key_iam_member.service_identity_cmek","google_project_service_identity.jit_si","google_project_service_identity.servicenetworking","google_project_iam_member.servicenetworking"],"description":"Project id."},"service_accounts":{"expression":{"references":["local.service_account_cloud_services","local.service_accounts_default","local.service_accounts_robots"]},"depends_on":["google_project_service.project_services","google_kms_crypto_key_iam_member.service_identity_cmek","google_project_service_identity.jit_si","data.google_bigquery_default_service_account.bq_sa","data.google_storage_project_service_account.gcs_sa"],"description":"Product robot service accounts in project."},"services":{"expression":{"references":["var.services"]},"depends_on":["google_project_service.project_services","google_project_service_identity.jit_si"],"description":"Service APIs to enabled in the project."},"sink_writer_identities":{"expression":{"references":["google_logging_project_sink.sink"]},"description":"Writer identities created for each sink."}},"resources":[{"address":"google_access_context_manager_service_perimeter_resource.bridge","mode":"managed","type":"google_access_context_manager_service_perimeter_resource","name":"bridge","provider_config_key":"google","expressions":{"perimeter_name":{"references":["each.value"]},"resource":{"references":["local.project.number","local.project"]}},"schema_version":0,"for_each_expression":{"references":["var.service_perimeter_bridges","var.service_perimeter_bridges"]}},{"address":"google_access_context_manager_service_perimeter_resource.standard","mode":"managed","type":"google_access_context_manager_service_perimeter_resource","name":"standard","provider_config_key":"google","expressions":{"perimeter_name":{"references":["var.service_perimeter_standard"]},"resource":{"references":["local.project.number","local.project"]}},"schema_version":0,"count_expression":{"references":["var.service_perimeter_standard"]}},{"address":"google_bigquery_dataset_iam_member.bq-sinks-binding","mode":"managed","type":"google_bigquery_dataset_iam_member","name":"bq-sinks-binding","provider_config_key":"google","expressions":{"dataset_id":{"references":["each.value.destination","each.value"]},"member":{"references":["google_logging_project_sink.sink","each.key"]},"project":{"references":["each.value.destination","each.value"]},"role":{"constant_value":"roles/bigquery.dataEditor"}},"schema_version":0,"for_each_expression":{"references":["local.sink_bindings[\"bigquery\"]","local.sink_bindings"]}},{"address":"google_compute_project_metadata_item.default","mode":"managed","type":"google_compute_project_metadata_item","name":"default","provider_config_key":"google","expressions":{"key":{"references":["each.key"]},"project":{"references":["local.project.project_id","local.project"]},"value":{"references":["each.value"]}},"schema_version":0,"for_each_expression":{"references":["var.services","var.compute_metadata"]},"depends_on":["google_project_service.project_services"]},{"address":"google_compute_shared_vpc_host_project.shared_vpc_host","mode":"managed","type":"google_compute_shared_vpc_host_project","name":"shared_vpc_host","provider_config_key":"google-beta","expressions":{"project":{"references":["local.project.project_id","local.project"]}},"schema_version":0,"count_expression":{"references":["local.svpc_host_config.enabled","local.svpc_host_config"]},"depends_on":["google_project_service.project_services"]},{"address":"google_compute_shared_vpc_service_project.service_projects","mode":"managed","type":"google_compute_shared_vpc_service_project","name":"service_projects","provider_config_key":"google-beta","expressions":{"host_project":{"references":["local.project.project_id","local.project"]},"service_project":{"references":["each.value"]}},"schema_version":0,"for_each_expression":{"references":["local.svpc_host_config.service_projects","local.svpc_host_config"]},"depends_on":["google_compute_shared_vpc_host_project.shared_vpc_host"]},{"address":"google_compute_shared_vpc_service_project.shared_vpc_service","mode":"managed","type":"google_compute_shared_vpc_service_project","name":"shared_vpc_service","provider_config_key":"google-beta","expressions":{"host_project":{"references":["var.shared_vpc_service_config.host_project","var.shared_vpc_service_config"]},"service_project":{"references":["local.project.project_id","local.project"]}},"schema_version":0,"count_expression":{"references":["var.shared_vpc_service_config.host_project","var.shared_vpc_service_config"]}},{"address":"google_essential_contacts_contact.contact","mode":"managed","type":"google_essential_contacts_contact","name":"contact","provider_config_key":"google-beta","expressions":{"email":{"references":["each.key"]},"language_tag":{"constant_value":"en"},"notification_category_subscriptions":{"references":["each.value"]},"parent":{"references":["local.project.project_id","local.project"]}},"schema_version":0,"for_each_expression":{"references":["var.contacts"]}},{"address":"google_kms_crypto_key_iam_member.service_identity_cmek","mode":"managed","type":"google_kms_crypto_key_iam_member","name":"service_identity_cmek","provider_config_key":"google","expressions":{"crypto_key_id":{"references":["each.value.key","each.value"]},"member":{"references":["local.service_accounts_robots","each.value.service","each.value"]},"role":{"constant_value":"roles/cloudkms.cryptoKeyEncrypterDecrypter"}},"schema_version":0,"for_each_expression":{"references":["local.service_accounts_cmek_service_keys"]},"depends_on":["google_project.project","google_project_service.project_services","google_project_service_identity.jit_si","data.google_bigquery_default_service_account.bq_sa","data.google_project.project","data.google_storage_project_service_account.gcs_sa"]},{"address":"google_logging_project_exclusion.logging-exclusion","mode":"managed","type":"google_logging_project_exclusion","name":"logging-exclusion","provider_config_key":"google","expressions":{"description":{"references":["each.key"]},"filter":{"references":["each.value"]},"name":{"references":["each.key"]},"project":{"references":["local.project.project_id","local.project"]}},"schema_version":0,"for_each_expression":{"references":["var.logging_exclusions"]}},{"address":"google_logging_project_sink.sink","mode":"managed","type":"google_logging_project_sink","name":"sink","provider_config_key":"google","expressions":{"description":{"references":["each.value.description","each.value","each.key"]},"destination":{"references":["each.value.type","each.value","each.value.destination","each.value"]},"disabled":{"references":["each.value.disabled","each.value"]},"filter":{"references":["each.value.filter","each.value"]},"name":{"references":["each.key"]},"project":{"references":["local.project.project_id","local.project"]},"unique_writer_identity":{"references":["each.value.unique_writer","each.value"]}},"schema_version":0,"for_each_expression":{"references":["var.logging_sinks"]},"depends_on":["google_project_iam_binding.authoritative","google_project_iam_binding.bindings","google_project_iam_member.bindings","google_project_service.project_services"]},{"address":"google_monitoring_monitored_project.primary","mode":"managed","type":"google_monitoring_monitored_project","name":"primary","provider_config_key":"google-beta","expressions":{"metrics_scope":{"references":["each.value"]},"name":{"references":["local.project.project_id","local.project"]}},"schema_version":1,"for_each_expression":{"references":["var.metric_scopes"]}},{"address":"google_org_policy_policy.default","mode":"managed","type":"google_org_policy_policy","name":"default","provider_config_key":"google","expressions":{"name":{"references":["each.value.name","each.value"]},"parent":{"references":["each.value.parent","each.value"]},"spec":[{"inherit_from_parent":{"references":["each.value.inherit_from_parent","each.value"]},"reset":{"references":["each.value.reset","each.value"]}}]},"schema_version":0,"for_each_expression":{"references":["local.org_policies"]}},{"address":"google_project.project","mode":"managed","type":"google_project","name":"project","provider_config_key":"google","expressions":{"auto_create_network":{"references":["var.auto_create_network"]},"billing_account":{"references":["var.billing_account"]},"folder_id":{"references":["local.parent_type","local.parent_id"]},"labels":{"references":["var.labels"]},"name":{"references":["local.descriptive_name"]},"org_id":{"references":["local.parent_type","local.parent_id"]},"project_id":{"references":["local.prefix","var.name"]},"skip_delete":{"references":["var.skip_delete"]}},"schema_version":1,"count_expression":{"references":["var.project_create"]}},{"address":"google_project_default_service_accounts.default_service_accounts","mode":"managed","type":"google_project_default_service_accounts","name":"default_service_accounts","provider_config_key":"google","expressions":{"action":{"references":["var.default_service_account"]},"project":{"references":["local.project.project_id","local.project"]},"restore_policy":{"constant_value":"REVERT_AND_IGNORE_FAILURE"}},"schema_version":0,"count_expression":{"references":["var.default_service_account"]},"depends_on":["google_project_service.project_services"]},{"address":"google_project_iam_audit_config.default","mode":"managed","type":"google_project_iam_audit_config","name":"default","provider_config_key":"google","expressions":{"project":{"references":["local.project.project_id","local.project"]},"service":{"references":["each.key"]}},"schema_version":0,"for_each_expression":{"references":["var.logging_data_access"]}},{"address":"google_project_iam_binding.authoritative","mode":"managed","type":"google_project_iam_binding","name":"authoritative","provider_config_key":"google","expressions":{"members":{"references":["each.value"]},"project":{"references":["local.project.project_id","local.project"]},"role":{"references":["each.key"]}},"schema_version":0,"for_each_expression":{"references":["local.iam"]},"depends_on":["google_project_service.project_services","google_project_iam_custom_role.roles"]},{"address":"google_project_iam_binding.bindings","mode":"managed","type":"google_project_iam_binding","name":"bindings","provider_config_key":"google","expressions":{"members":{"references":["each.value.members","each.value"]},"project":{"references":["local.project.project_id","local.project"]},"role":{"references":["each.value.role","each.value"]}},"schema_version":0,"for_each_expression":{"references":["var.iam_bindings"]},"depends_on":["google_project_service.project_services","google_project_iam_custom_role.roles"]},{"address":"google_project_iam_custom_role.roles","mode":"managed","type":"google_project_iam_custom_role","name":"roles","provider_config_key":"google","expressions":{"description":{"constant_value":"Terraform-managed."},"permissions":{"references":["each.value"]},"project":{"references":["local.project.project_id","local.project"]},"role_id":{"references":["each.key"]},"title":{"references":["each.key"]}},"schema_version":0,"for_each_expression":{"references":["var.custom_roles"]}},{"address":"google_project_iam_member.bindings","mode":"managed","type":"google_project_iam_member","name":"bindings","provider_config_key":"google","expressions":{"member":{"references":["each.value.member","each.value"]},"project":{"references":["local.project.project_id","local.project"]},"role":{"references":["each.value.role","each.value"]}},"schema_version":0,"for_each_expression":{"references":["var.iam_bindings_additive"]},"depends_on":["google_project_service.project_services","google_project_iam_custom_role.roles"]},{"address":"google_project_iam_member.bucket-sinks-binding","mode":"managed","type":"google_project_iam_member","name":"bucket-sinks-binding","provider_config_key":"google","expressions":{"condition":[{"description":{"references":["google_logging_project_sink.sink","each.key","each.key","local.project.project_id","local.project"]},"expression":{"references":["each.value.destination","each.value"]},"title":{"references":["each.key"]}}],"member":{"references":["google_logging_project_sink.sink","each.key"]},"project":{"references":["each.value.destination","each.value"]},"role":{"constant_value":"roles/logging.bucketWriter"}},"schema_version":0,"for_each_expression":{"references":["local.sink_bindings[\"logging\"]","local.sink_bindings"]}},{"address":"google_project_iam_member.servicenetworking","mode":"managed","type":"google_project_iam_member","name":"servicenetworking","provider_config_key":"google","expressions":{"member":{"references":["google_project_service_identity.servicenetworking[0].email","google_project_service_identity.servicenetworking[0]","google_project_service_identity.servicenetworking"]},"project":{"references":["local.project.project_id","local.project"]},"role":{"constant_value":"roles/servicenetworking.serviceAgent"}},"schema_version":0,"count_expression":{"references":["var.services"]}},{"address":"google_project_iam_member.shared_vpc_host_robots","mode":"managed","type":"google_project_iam_member","name":"shared_vpc_host_robots","provider_config_key":"google","expressions":{"member":{"references":["each.value.service","each.value","local.service_account_cloud_services","local.service_accounts_robots","each.value.service","each.value"]},"project":{"references":["var.shared_vpc_service_config.host_project","var.shared_vpc_service_config"]},"role":{"references":["each.value.role","each.value"]}},"schema_version":0,"for_each_expression":{"references":["local.svpc_service_iam"]},"depends_on":["google_project_service.project_services","google_project_service_identity.servicenetworking","google_project_service_identity.jit_si","google_project_default_service_accounts.default_service_accounts","data.google_bigquery_default_service_account.bq_sa","data.google_storage_project_service_account.gcs_sa"]},{"address":"google_project_service.project_services","mode":"managed","type":"google_project_service","name":"project_services","provider_config_key":"google","expressions":{"disable_dependent_services":{"references":["var.service_config.disable_dependent_services","var.service_config"]},"disable_on_destroy":{"references":["var.service_config.disable_on_destroy","var.service_config"]},"project":{"references":["local.project.project_id","local.project"]},"service":{"references":["each.value"]}},"schema_version":0,"for_each_expression":{"references":["var.services"]}},{"address":"google_project_service_identity.jit_si","mode":"managed","type":"google_project_service_identity","name":"jit_si","provider_config_key":"google-beta","expressions":{"project":{"references":["local.project.project_id","local.project"]},"service":{"references":["each.value"]}},"schema_version":0,"for_each_expression":{"references":["var.services","local.service_accounts_jit_services"]},"depends_on":["google_project_service.project_services"]},{"address":"google_project_service_identity.servicenetworking","mode":"managed","type":"google_project_service_identity","name":"servicenetworking","provider_config_key":"google-beta","expressions":{"project":{"references":["local.project.project_id","local.project"]},"service":{"constant_value":"servicenetworking.googleapis.com"}},"schema_version":0,"count_expression":{"references":["var.services"]},"depends_on":["google_project_service.project_services"]},{"address":"google_pubsub_topic_iam_member.pubsub-sinks-binding","mode":"managed","type":"google_pubsub_topic_iam_member","name":"pubsub-sinks-binding","provider_config_key":"google","expressions":{"member":{"references":["google_logging_project_sink.sink","each.key"]},"project":{"references":["each.value.destination","each.value"]},"role":{"constant_value":"roles/pubsub.publisher"},"topic":{"references":["each.value.destination","each.value"]}},"schema_version":0,"for_each_expression":{"references":["local.sink_bindings[\"pubsub\"]","local.sink_bindings"]}},{"address":"google_resource_manager_lien.lien","mode":"managed","type":"google_resource_manager_lien","name":"lien","provider_config_key":"google","expressions":{"origin":{"constant_value":"created-by-terraform"},"parent":{"references":["local.project.number","local.project"]},"reason":{"references":["var.lien_reason"]},"restrictions":{"constant_value":["resourcemanager.projects.delete"]}},"schema_version":0,"count_expression":{"references":["var.lien_reason"]}},{"address":"google_storage_bucket_iam_member.gcs-sinks-binding","mode":"managed","type":"google_storage_bucket_iam_member","name":"gcs-sinks-binding","provider_config_key":"google","expressions":{"bucket":{"references":["each.value.destination","each.value"]},"member":{"references":["google_logging_project_sink.sink","each.key"]},"role":{"constant_value":"roles/storage.objectCreator"}},"schema_version":0,"for_each_expression":{"references":["local.sink_bindings[\"storage\"]","local.sink_bindings"]}},{"address":"google_tags_tag_binding.binding","mode":"managed","type":"google_tags_tag_binding","name":"binding","provider_config_key":"google","expressions":{"parent":{"references":["local.project.number","local.project"]},"tag_value":{"references":["each.value"]}},"schema_version":0,"for_each_expression":{"references":["var.tag_bindings"]}},{"address":"data.google_bigquery_default_service_account.bq_sa","mode":"data","type":"google_bigquery_default_service_account","name":"bq_sa","provider_config_key":"google","expressions":{"project":{"references":["local.project.project_id","local.project"]}},"schema_version":0,"count_expression":{"references":["var.services"]},"depends_on":["google_project_service.project_services"]},{"address":"data.google_project.project","mode":"data","type":"google_project","name":"project","provider_config_key":"google","expressions":{"project_id":{"references":["local.prefix","var.name"]}},"schema_version":0,"count_expression":{"references":["var.project_create"]}},{"address":"data.google_storage_project_service_account.gcs_sa","mode":"data","type":"google_storage_project_service_account","name":"gcs_sa","provider_config_key":"google","expressions":{"project":{"references":["local.project.project_id","local.project"]}},"schema_version":0,"count_expression":{"references":["var.services"]},"depends_on":["google_project_service.project_services"]}],"variables":{"auto_create_network":{"default":false,"description":"Whether to create the default network for the project."},"billing_account":{"default":null,"description":"Billing account id."},"compute_metadata":{"default":{},"description":"Optional compute metadata key/values. Only usable if compute API has been enabled."},"contacts":{"default":{},"description":"List of essential contacts for this resource. Must be in the form EMAIL -\u003e [NOTIFICATION_TYPES]. Valid notification types are ALL, SUSPENSION, SECURITY, TECHNICAL, BILLING, LEGAL, PRODUCT_UPDATES."},"custom_roles":{"default":{},"description":"Map of role name =\u003e list of permissions to create in this project."},"default_service_account":{"default":"keep","description":"Project default service account setting: can be one of `delete`, `deprivilege`, `disable`, or `keep`."},"descriptive_name":{"default":null,"description":"Name of the project name. Used for project name instead of `name` variable."},"group_iam":{"default":{},"description":"Authoritative IAM binding for organization groups, in {GROUP_EMAIL =\u003e [ROLES]} format. Group emails need to be static. Can be used in combination with the `iam` variable."},"iam":{"default":{},"description":"Authoritative IAM bindings in {ROLE =\u003e [MEMBERS]} format."},"iam_bindings":{"default":{},"description":"Authoritative IAM bindings in {KEY =\u003e {role = ROLE, members = [], condition = {}}}. Keys are arbitrary."},"iam_bindings_additive":{"default":{},"description":"Individual additive IAM bindings. Keys are arbitrary."},"labels":{"default":{},"description":"Resource labels."},"lien_reason":{"default":null,"description":"If non-empty, creates a project lien with this description."},"logging_data_access":{"default":{},"description":"Control activation of data access logs. Format is service =\u003e { log type =\u003e [exempted members]}. The special 'allServices' key denotes configuration for all services."},"logging_exclusions":{"default":{},"description":"Logging exclusions for this project in the form {NAME -\u003e FILTER}."},"logging_sinks":{"default":{},"description":"Logging sinks to create for this project."},"metric_scopes":{"default":[],"description":"List of projects that will act as metric scopes for this project."},"name":{"description":"Project name and id suffix."},"org_policies":{"default":{},"description":"Organization policies applied to this project keyed by policy name."},"org_policies_data_path":{"default":null,"description":"Path containing org policies in YAML format."},"parent":{"default":null,"description":"Parent folder or organization in 'folders/folder_id' or 'organizations/org_id' format."},"prefix":{"default":null,"description":"Optional prefix used to generate project id and name."},"project_create":{"default":true,"description":"Create project. When set to false, uses a data source to reference existing project."},"service_config":{"default":{"disable_dependent_services":false,"disable_on_destroy":false},"description":"Configure service API activation."},"service_encryption_key_ids":{"default":{},"description":"Cloud KMS encryption key in {SERVICE =\u003e [KEY_URL]} format."},"service_perimeter_bridges":{"default":null,"description":"Name of VPC-SC Bridge perimeters to add project into. See comment in the variables file for format."},"service_perimeter_standard":{"default":null,"description":"Name of VPC-SC Standard perimeter to add project into. See comment in the variables file for format."},"services":{"default":[],"description":"Service APIs to enable."},"shared_vpc_host_config":{"default":null,"description":"Configures this project as a Shared VPC host project (mutually exclusive with shared_vpc_service_project)."},"shared_vpc_service_config":{"default":{"host_project":null,"service_iam_grants":[],"service_identity_iam":{}},"description":"Configures this project as a Shared VPC service project (mutually exclusive with shared_vpc_host_config)."},"skip_delete":{"default":false,"description":"Allows the underlying resources to be destroyed without destroying the project itself."},"tag_bindings":{"default":null,"description":"Tag bindings for this project, in key =\u003e tag value id format."}}}}},"variables":{"composer_config":{"default":{"environment_size":"ENVIRONMENT_SIZE_SMALL","software_config":{"image_version":"composer-2-airflow-2"},"workloads_config":null},"description":"Composer environment configuration. It accepts only following attributes: `environment_size`, `software_config` and `workloads_config`. See [attribute reference](https://registry.terraform.io/providers/hashicorp/google/latest/docs/resources/composer_environment#argument-reference---cloud-composer-2) for details on settings variables."},"data_domains":{"description":"Needs to be lowercase"},"data_layers":{"description":"Needs to be lowercase"},"dataform_remote_repository_branch":{"default":"main"},"dataform_remote_repository_token":{},"dataform_remote_repository_url":{},"dataform_repository_name":{},"dataform_secret_name":{},"location":{"default":"europe-west3"},"project_id":{}}}},"relevant_attributes":[{"resource":"module.bigquery[\"6\"].google_bigquery_dataset.default","attribute":[]},{"resource":"module.bigquery[\"3\"].google_bigquery_dataset.default","attribute":["self_link"]},{"resource":"module.bigquery[\"7\"].google_bigquery_dataset.default","attribute":["id"]},{"resource":"module.data_layer_projects[\"semantic\"].google_project_iam_custom_role.roles","attribute":[]},{"resource":"module.bigquery[\"5\"].google_bigquery_dataset.default","attribute":["self_link"]},{"resource":"module.bigquery[\"2\"].google_bigquery_dataset.default","attribute":["self_link"]},{"resource":"module.bigquery[\"2\"].google_bigquery_dataset.default","attribute":["dataset_id"]},{"resource":"module.data_layer_projects[\"semantic\"].google_logging_project_sink.sink","attribute":[]},{"resource":"module.tooling_project.google_project_iam_custom_role.roles","attribute":[]},{"resource":"module.bigquery[\"9\"].google_bigquery_table.default","attribute":[]},{"resource":"module.bigquery[\"4\"].google_bigquery_dataset.default","attribute":["id"]},{"resource":"module.bigquery[\"0\"].google_bigquery_dataset.default","attribute":["id"]},{"resource":"module.data_layer_projects[\"core\"].google_project.project[0]","attribute":["name"]},{"resource":"module.data_layer_projects[\"staging\"].google_logging_project_sink.sink","attribute":[]},{"resource":"module.bigquery[\"7\"].google_bigquery_table.default","attribute":[]},{"resource":"module.tooling_project.data.google_project.project[0]","attribute":["name"]},{"resource":"module.bigquery[\"8\"].google_bigquery_dataset.default","attribute":[]},{"resource":"module.data_layer_projects[\"semantic\"].data.google_project.project[0]","attribute":["number"]},{"resource":"module.bigquery[\"2\"].google_bigquery_dataset.default","attribute":[]},{"resource":"module.bigquery[\"9\"].google_bigquery_dataset.default","attribute":["id"]},{"resource":"module.data_layer_projects[\"core\"].google_project.project[0]","attribute":["number"]},{"resource":"module.data_layer_projects[\"core\"].google_logging_project_sink.sink","attribute":[]},{"resource":"module.bigquery[\"3\"].google_bigquery_dataset.default","attribute":["id"]},{"resource":"module.bigquery[\"0\"].google_bigquery_dataset.default","attribute":["dataset_id"]},{"resource":"module.tooling_project.data.google_project.project[0]","attribute":["number"]},{"resource":"module.bigquery[\"7\"].google_bigquery_table.materialized_view","attribute":[]},{"resource":"module.bigquery[\"8\"].google_bigquery_dataset.default","attribute":["id"]},{"resource":"module.data_layer_projects[\"staging\"].google_project.project[0]","attribute":["project_id"]},{"resource":"module.bigquery[\"5\"].google_bigquery_table.views","attribute":[]},{"resource":"module.bigquery[\"6\"].google_bigquery_dataset.default","attribute":["dataset_id"]},{"resource":"module.data_layer_projects[\"semantic\"].google_project.project[0]","attribute":["number"]},{"resource":"module.data_layer_projects[\"staging\"].google_project.project[0]","attribute":["number"]},{"resource":"module.data_layer_projects[\"core\"].google_project.project[0]","attribute":["project_id"]},{"resource":"module.bigquery[\"3\"].google_bigquery_table.default","attribute":[]},{"resource":"module.bigquery[\"1\"].google_bigquery_dataset.default","attribute":["self_link"]},{"resource":"module.data_layer_projects[\"core\"].data.google_project.project[0]","attribute":["name"]},{"resource":"module.bigquery[\"9\"].google_bigquery_dataset.default","attribute":[]},{"resource":"module.bigquery[\"6\"].google_bigquery_table.views","attribute":[]},{"resource":"module.bigquery[\"7\"].google_bigquery_dataset.default","attribute":["dataset_id"]},{"resource":"module.tooling_project.google_logging_project_sink.sink","attribute":[]},{"resource":"module.bigquery[\"3\"].google_bigquery_dataset.default","attribute":[]},{"resource":"module.bigquery[\"5\"].google_bigquery_dataset.default","attribute":["id"]},{"resource":"module.bigquery[\"8\"].google_bigquery_dataset.default","attribute":["self_link"]},{"resource":"module.bigquery[\"2\"].google_bigquery_table.materialized_view","attribute":[]},{"resource":"module.data_layer_projects[\"source\"].google_project.project[0]","attribute":["project_id"]},{"resource":"module.data_layer_projects[\"source\"].google_logging_project_sink.sink","attribute":[]},{"resource":"module.bigquery[\"3\"].google_bigquery_table.views","attribute":[]},{"resource":"module.bigquery[\"1\"].google_bigquery_table.views","attribute":[]},{"resource":"module.data_layer_projects[\"semantic\"].data.google_project.project[0]","attribute":["name"]},{"resource":"module.bigquery[\"8\"].google_bigquery_table.views","attribute":[]},{"resource":"module.data_layer_projects[\"staging\"].google_project.project[0]","attribute":["name"]},{"resource":"module.data_layer_projects[\"source\"].data.google_project.project[0]","attribute":["name"]},{"resource":"module.data_layer_projects[\"source\"].google_project_iam_custom_role.roles","attribute":[]},{"resource":"module.bigquery[\"2\"].google_bigquery_table.views","attribute":[]},{"resource":"module.bigquery[\"0\"].google_bigquery_dataset.default","attribute":["self_link"]},{"resource":"module.bigquery[\"8\"].google_bigquery_table.materialized_view","attribute":[]},{"resource":"module.bigquery[\"1\"].google_bigquery_dataset.default","attribute":["id"]},{"resource":"module.data_layer_projects[\"source\"].data.google_project.project[0]","attribute":["number"]},{"resource":"module.bigquery[\"0\"].google_bigquery_dataset.default","attribute":[]},{"resource":"module.bigquery[\"4\"].google_bigquery_table.views","attribute":[]},{"resource":"module.data_layer_projects[\"staging\"].google_project_iam_custom_role.roles","attribute":[]},{"resource":"module.data_layer_projects[\"core\"].google_project_iam_custom_role.roles","attribute":[]},{"resource":"module.bigquery[\"0\"].google_bigquery_table.default","attribute":[]},{"resource":"module.bigquery[\"3\"].google_bigquery_table.materialized_view","attribute":[]},{"resource":"module.bigquery[\"4\"].google_bigquery_table.materialized_view","attribute":[]},{"resource":"module.bigquery[\"5\"].google_bigquery_dataset.default","attribute":[]},{"resource":"module.bigquery[\"0\"].google_bigquery_table.materialized_view","attribute":[]},{"resource":"module.bigquery[\"7\"].google_bigquery_table.views","attribute":[]},{"resource":"module.data_layer_projects[\"source\"].google_project.project[0]","attribute":["number"]},{"resource":"module.bigquery[\"8\"].google_bigquery_table.default","attribute":[]},{"resource":"module.bigquery[\"1\"].google_bigquery_table.default","attribute":[]},{"resource":"module.bigquery[\"1\"].google_bigquery_dataset.default","attribute":["dataset_id"]},{"resource":"module.bigquery[\"9\"].google_bigquery_dataset.default","attribute":["dataset_id"]},{"resource":"module.bigquery[\"5\"].google_bigquery_table.default","attribute":[]},{"resource":"module.bigquery[\"8\"].google_bigquery_dataset.default","attribute":["dataset_id"]},{"resource":"module.bigquery[\"4\"].google_bigquery_dataset.default","attribute":["dataset_id"]},{"resource":"module.bigquery[\"5\"].google_bigquery_dataset.default","attribute":["dataset_id"]},{"resource":"module.data_layer_projects[\"semantic\"].google_project.project[0]","attribute":["project_id"]},{"resource":"module.data_layer_projects[\"semantic\"].google_project.project[0]","attribute":["name"]},{"resource":"module.bigquery[\"4\"].google_bigquery_table.default","attribute":[]},{"resource":"module.bigquery[\"9\"].google_bigquery_table.views","attribute":[]},{"resource":"module.bigquery[\"6\"].google_bigquery_table.materialized_view","attribute":[]},{"resource":"module.bigquery[\"6\"].google_bigquery_dataset.default","attribute":["id"]},{"resource":"module.data_layer_projects[\"staging\"].data.google_project.project[0]","attribute":["number"]},{"resource":"module.tooling_project.google_project.project[0]","attribute":["number"]},{"resource":"module.tooling_project.google_project.project[0]","attribute":["name"]},{"resource":"module.bigquery[\"9\"].google_bigquery_dataset.default","attribute":["self_link"]},{"resource":"module.bigquery[\"7\"].google_bigquery_dataset.default","attribute":["self_link"]},{"resource":"module.data_layer_projects[\"staging\"].data.google_project.project[0]","attribute":["name"]},{"resource":"module.data_layer_projects[\"core\"].data.google_project.project[0]","attribute":["number"]},{"resource":"module.tooling_project.google_project.project[0]","attribute":["project_id"]},{"resource":"module.bigquery[\"6\"].google_bigquery_table.default","attribute":[]},{"resource":"module.bigquery[\"0\"].google_bigquery_table.views","attribute":[]},{"resource":"module.bigquery[\"7\"].google_bigquery_dataset.default","attribute":[]},{"resource":"module.bigquery[\"3\"].google_bigquery_dataset.default","attribute":["dataset_id"]},{"resource":"module.bigquery[\"4\"].google_bigquery_dataset.default","attribute":[]},{"resource":"module.bigquery[\"4\"].google_bigquery_dataset.default","attribute":["self_link"]},{"resource":"module.bigquery[\"6\"].google_bigquery_dataset.default","attribute":["self_link"]},{"resource":"module.bigquery[\"1\"].google_bigquery_table.materialized_view","attribute":[]},{"resource":"module.bigquery[\"1\"].google_bigquery_dataset.default","attribute":[]},{"resource":"module.bigquery[\"2\"].google_bigquery_table.default","attribute":[]},{"resource":"module.bigquery[\"5\"].google_bigquery_table.materialized_view","attribute":[]},{"resource":"module.bigquery[\"9\"].google_bigquery_table.materialized_view","attribute":[]},{"resource":"module.bigquery[\"2\"].google_bigquery_dataset.default","attribute":["id"]},{"resource":"module.data_layer_projects[\"source\"].google_project.project[0]","attribute":["name"]}],"timestamp":"2023-11-17T10:13:47Z"}
